
Microsoft Visual Studio Solution File, Format Version 12.00
# Visual Studio 15
VisualStudioVersion = 15.0.27428.2043
MinimumVisualStudioVersion = 10.0.40219.1
Project("{A07B5EB6-E848-4116-A8D0-A826331D98C6}") = "ESFA.DC.ILR.FundingService", "ESFA.DC.ILR.FundingService\ESFA.DC.ILR.FundingService.sfproj", "{D2248984-0D7D-4D77-AFBF-5116C252615C}"
EndProject
Project("{FAE04EC0-301F-11D3-BF4B-00C04F79EFBC}") = "ESFA.DC.ILR.FundingService.Stateless", "ESFA.DC.ILR.FundingService.Stateless\ESFA.DC.ILR.FundingService.Stateless.csproj", "{1478B042-E0E2-459A-841A-D0014C51CFBD}"
EndProject
Project("{9A19103F-16F7-4668-BE54-9A1E7A4F7556}") = "ESFA.DC.ILR.FundingService.Stateless.Models", "ESFA.DC.ILR.FundingService.Stateless.Models\ESFA.DC.ILR.FundingService.Stateless.Models.csproj", "{0FAAAAB8-443B-47BF-9E96-C3069E8789F9}"
EndProject
Project("{9A19103F-16F7-4668-BE54-9A1E7A4F7556}") = "ESFA.DC.ILR.FundingService.Modules", "ESFA.DC.ILR.FundingService.Modules\ESFA.DC.ILR.FundingService.Modules.csproj", "{79748ECD-E5D4-4D1E-BE10-32588B2F625C}"
EndProject
Project("{9A19103F-16F7-4668-BE54-9A1E7A4F7556}") = "ESFA.DC.ILR.FundingService.Orchestrators", "ESFA.DC.ILR.FundingService.Orchestrators\ESFA.DC.ILR.FundingService.Orchestrators.csproj", "{C72DB578-ECFD-4281-936E-26C6F4D2B3DB}"
EndProject
Project("{FAE04EC0-301F-11D3-BF4B-00C04F79EFBC}") = "ESFA.DC.ILR.FundingService.ALBActor", "ALB\ESFA.DC.ILR.FundingService.ALBActor\ESFA.DC.ILR.FundingService.ALBActor.csproj", "{1AF8930F-8F7E-46FD-92C0-F31451512492}"
EndProject
Project("{FAE04EC0-301F-11D3-BF4B-00C04F79EFBC}") = "ESFA.DC.ILR.FundingService.ALBActor.Interfaces", "ALB\ESFA.DC.ILR.FundingService.ALBActor.Interfaces\ESFA.DC.ILR.FundingService.ALBActor.Interfaces.csproj", "{14944B1C-9717-4CBB-B756-37502DDB5E0B}"
EndProject
Project("{9A19103F-16F7-4668-BE54-9A1E7A4F7556}") = "ESFA.DC.ILR.FundingService.Providers", "ESFA.DC.ILR.FundingService.Providers\ESFA.DC.ILR.FundingService.Providers.csproj", "{E6CF1460-4EF0-4579-B022-DC2D3F383568}"
EndProject
Project("{2150E333-8FDC-42A3-9474-1A3956D46DE8}") = "ALB", "ALB", "{934DEAC3-A638-4B5F-ADF6-A2D113385574}"
EndProject
Project("{9A19103F-16F7-4668-BE54-9A1E7A4F7556}") = "ESFA.DC.ILR.FundingService.ALB.FundingOutput.Model", "ALB\ESFA.DC.ILR.FundingService.ALB.FundingOutput.Model\ESFA.DC.ILR.FundingService.ALB.FundingOutput.Model.csproj", "{7D044D8C-64BE-48A0-A2F2-1284FC7395F5}"
EndProject
Project("{9A19103F-16F7-4668-BE54-9A1E7A4F7556}") = "ESFA.DC.ILR.FundingService.ALB.Service", "ALB\ESFA.DC.ILR.FundingService.ALB.Service\ESFA.DC.ILR.FundingService.ALB.Service.csproj", "{6D9E7986-7D34-4433-81D2-7C905B621FFD}"
EndProject
Project("{9A19103F-16F7-4668-BE54-9A1E7A4F7556}") = "ESFA.DC.ILR.FundingService.Dto", "ESFA.DC.ILR.FundingService.Dto\ESFA.DC.ILR.FundingService.Dto.csproj", "{0021C0BF-4592-40C8-9272-82AC3A1339FA}"
EndProject
Project("{FAE04EC0-301F-11D3-BF4B-00C04F79EFBC}") = "ESFA.DC.ILR.FundingService.Tests.Common", "ESFA.DC.ILR.FundingService.Tests.Common\ESFA.DC.ILR.FundingService.Tests.Common.csproj", "{12B2CB23-3369-4720-8E41-C2DEDAA787CF}"
EndProject
Project("{2150E333-8FDC-42A3-9474-1A3956D46DE8}") = "OPA", "OPA", "{771C99F8-7036-4914-BE84-DE43B27B1DD7}"
EndProject
Project("{9A19103F-16F7-4668-BE54-9A1E7A4F7556}") = "ESFA.DC.OPA.Model", "OPA\ESFA.DC.OPA.Model\ESFA.DC.OPA.Model.csproj", "{B8B8D031-851C-427B-9DEA-9F87A2F1B642}"
EndProject
Project("{9A19103F-16F7-4668-BE54-9A1E7A4F7556}") = "ESFA.DC.OPA.Model.Interface", "OPA\ESFA.DC.OPA.Model.Interface\ESFA.DC.OPA.Model.Interface.csproj", "{7C69290E-B03C-490B-9821-04E2B0B9CDF7}"
EndProject
Project("{FAE04EC0-301F-11D3-BF4B-00C04F79EFBC}") = "ESFA.DC.OPA.Model.Tests", "OPA\ESFA.DC.OPA.Model.Tests\ESFA.DC.OPA.Model.Tests.csproj", "{B3EDEACC-5F17-44AA-9B09-529CDC49B11C}"
EndProject
Project("{9A19103F-16F7-4668-BE54-9A1E7A4F7556}") = "ESFA.DC.OPA.Service", "OPA\ESFA.DC.OPA.Service\ESFA.DC.OPA.Service.csproj", "{FC137929-D3E2-41C2-9C9A-ADC8B32D009A}"
EndProject
Project("{9A19103F-16F7-4668-BE54-9A1E7A4F7556}") = "ESFA.DC.OPA.Service.Interface", "OPA\ESFA.DC.OPA.Service.Interface\ESFA.DC.OPA.Service.Interface.csproj", "{BBA05279-51DA-427B-8708-CA7AF3A228F5}"
EndProject
Project("{FAE04EC0-301F-11D3-BF4B-00C04F79EFBC}") = "ESFA.DC.OPA.Service.Tests", "OPA\ESFA.DC.OPA.Service.Tests\ESFA.DC.OPA.Service.Tests.csproj", "{DAB31798-17DD-4C50-9D0E-ADB431AB0CDD}"
EndProject
Project("{9A19103F-16F7-4668-BE54-9A1E7A4F7556}") = "ESFA.DC.OPA.XSRC.Model", "OPA\ESFA.DC.OPA.XSRC.Model\ESFA.DC.OPA.XSRC.Model.csproj", "{76638927-C08F-450E-9BFD-3B19AA19BF3F}"
EndProject
Project("{9A19103F-16F7-4668-BE54-9A1E7A4F7556}") = "ESFA.DC.OPA.XSRC.Model.Interface", "OPA\ESFA.DC.OPA.XSRC.Model.Interface\ESFA.DC.OPA.XSRC.Model.Interface.csproj", "{2A30BC1F-122E-46BD-95A1-F2F98C3F8B1F}"
EndProject
Project("{FAE04EC0-301F-11D3-BF4B-00C04F79EFBC}") = "ESFA.DC.OPA.XSRC.Model.Tests", "OPA\ESFA.DC.OPA.XSRC.Model.Tests\ESFA.DC.OPA.XSRC.Model.Tests.csproj", "{2C486D66-E63E-4FDF-8047-279CE14F2A87}"
EndProject
Project("{9A19103F-16F7-4668-BE54-9A1E7A4F7556}") = "ESFA.DC.OPA.XSRC.Service", "OPA\ESFA.DC.OPA.XSRC.Service\ESFA.DC.OPA.XSRC.Service.csproj", "{D1476198-DC54-475F-B392-CEC5E138A9FF}"
EndProject
Project("{9A19103F-16F7-4668-BE54-9A1E7A4F7556}") = "ESFA.DC.OPA.XSRC.Service.Interface", "OPA\ESFA.DC.OPA.XSRC.Service.Interface\ESFA.DC.OPA.XSRC.Service.Interface.csproj", "{DC64FBC1-95F2-420D-AE91-7E439026C1FA}"
EndProject
Project("{FAE04EC0-301F-11D3-BF4B-00C04F79EFBC}") = "ESFA.DC.OPA.XSRC.Service.Tests", "OPA\ESFA.DC.OPA.XSRC.Service.Tests\ESFA.DC.OPA.XSRC.Service.Tests.csproj", "{4416732C-690E-4092-9E2A-EE96682CEF80}"
EndProject
Project("{9A19103F-16F7-4668-BE54-9A1E7A4F7556}") = "ESFA.DC.ILR.FundingService.Interfaces", "ESFA.DC.ILR.FundingService.Interfaces\ESFA.DC.ILR.FundingService.Interfaces.csproj", "{81FA550D-DD5E-4F5B-AC66-1DCA51824E9C}"
EndProject
Project("{9A19103F-16F7-4668-BE54-9A1E7A4F7556}") = "ESFA.DC.ILR.FundingService.Data", "ESFA.DC.ILR.FundingService.Data\ESFA.DC.ILR.FundingService.Data.csproj", "{69B93B19-4FD0-4205-AFFA-8B71122A3C65}"
EndProject
Project("{FAE04EC0-301F-11D3-BF4B-00C04F79EFBC}") = "ESFA.DC.ILR.FundingService.Data.Population", "ESFA.DC.ILR.FundingService.Data.Population\ESFA.DC.ILR.FundingService.Data.Population.csproj", "{CB179664-339B-4877-B208-1007AE42FD7C}"
EndProject
Project("{2150E333-8FDC-42A3-9474-1A3956D46DE8}") = "FM35", "FM35", "{0B6D5548-A9A5-49B5-A44B-253469D8DBDB}"
EndProject
Project("{9A19103F-16F7-4668-BE54-9A1E7A4F7556}") = "ESFA.DC.ILR.FundingService.FM35.FundingOutput.Model", "FM35\ESFA.DC.ILR.FundingService.FM35.FundingOutput.Model\ESFA.DC.ILR.FundingService.FM35.FundingOutput.Model.csproj", "{4470C1A0-91D9-4411-9F30-51F69E39C11D}"
EndProject
Project("{9A19103F-16F7-4668-BE54-9A1E7A4F7556}") = "ESFA.DC.ILR.FundingService.FM35.Service", "FM35\ESFA.DC.ILR.FundingService.FM35.Service\ESFA.DC.ILR.FundingService.FM35.Service.csproj", "{30B47144-2B10-418A-8DEA-8F99D83F0412}"
EndProject
Project("{FAE04EC0-301F-11D3-BF4B-00C04F79EFBC}") = "ESFA.DC.ILR.FundingService.Data.Population.Tests", "ESFA.DC.ILR.FundingService.Data.Population.Tests\ESFA.DC.ILR.FundingService.Data.Population.Tests.csproj", "{07D60CD0-91E9-417D-9F31-1B92EF91DAE6}"
EndProject
Project("{FAE04EC0-301F-11D3-BF4B-00C04F79EFBC}") = "ESFA.DC.ILR.FundingService.Data.Tests", "ESFA.DC.ILR.FundingService.Data.Tests\ESFA.DC.ILR.FundingService.Data.Tests.csproj", "{26FAB064-72B6-40E0-9A01-5C7ECBEE2B85}"
EndProject
Project("{FAE04EC0-301F-11D3-BF4B-00C04F79EFBC}") = "ESFA.DC.ILR.FundingService.Console", "ESFA.DC.ILR.FundingService.Console\ESFA.DC.ILR.FundingService.Console.csproj", "{3C6E629F-9203-452A-B96F-6D72C63B73AA}"
EndProject
Project("{9A19103F-16F7-4668-BE54-9A1E7A4F7556}") = "ESFA.DC.ILR.FundingService.Config", "ESFA.DC.ILR.FundingService.Config\ESFA.DC.ILR.FundingService.Config.csproj", "{29C28BC1-23E2-4FAD-AB74-83CD2D33E7D8}"
EndProject
Project("{FAE04EC0-301F-11D3-BF4B-00C04F79EFBC}") = "ESFA.DC.ILR.FundingService.Service", "ESFA.DC.ILR.FundingService.Service\ESFA.DC.ILR.FundingService.Service.csproj", "{652FF283-3708-4DCA-A45E-81297B8BA8A7}"
EndProject
Project("{FAE04EC0-301F-11D3-BF4B-00C04F79EFBC}") = "ESFA.DC.ILR.FundingService.FM35Actor", "FM35\ESFA.DC.ILR.FundingService.FM35Actor\ESFA.DC.ILR.FundingService.FM35Actor.csproj", "{20E27C18-85B3-4936-AE10-F52B6C49840B}"
	ProjectSection(ProjectDependencies) = postProject
		{30B47144-2B10-418A-8DEA-8F99D83F0412} = {30B47144-2B10-418A-8DEA-8F99D83F0412}
	EndProjectSection
EndProject
Project("{FAE04EC0-301F-11D3-BF4B-00C04F79EFBC}") = "ESFA.DC.ILR.FundingService.FM35Actor.Interfaces", "FM35\ESFA.DC.ILR.FundingService.FM35Actor.Interfaces\ESFA.DC.ILR.FundingService.FM35Actor.Interfaces.csproj", "{479E2521-1924-41DB-9CB7-CF8EA6DECD18}"
EndProject
Project("{9A19103F-16F7-4668-BE54-9A1E7A4F7556}") = "ESFA.DC.ILR.FundingService.ServiceFabric.Common", "ESFA.DC.ILR.FundingService.ServiceFabric.Common\ESFA.DC.ILR.FundingService.ServiceFabric.Common.csproj", "{21BA0741-5975-4902-8D7A-567A50873CFA}"
EndProject
Project("{2150E333-8FDC-42A3-9474-1A3956D46DE8}") = "XSRC", "XSRC", "{96BF454A-ACA6-45FC-B752-FBC51ABC5AD0}"
EndProject
Project("{FAE04EC0-301F-11D3-BF4B-00C04F79EFBC}") = "ESFA.DC.ILR.FundingService.FM25Actor", "FM25\ESFA.DC.ILR.FundingService.FM25Actor\ESFA.DC.ILR.FundingService.FM25Actor.csproj", "{F32513D1-B309-49E8-BFB8-03A1EE05970C}"
EndProject
Project("{FAE04EC0-301F-11D3-BF4B-00C04F79EFBC}") = "ESFA.DC.ILR.FundingService.FM25Actor.Interfaces", "FM25\ESFA.DC.ILR.FundingService.FM25Actor.Interfaces\ESFA.DC.ILR.FundingService.FM25Actor.Interfaces.csproj", "{7B947EBD-BB53-41DB-81B5-C798CFABB45C}"
EndProject
Project("{2150E333-8FDC-42A3-9474-1A3956D46DE8}") = "FM25", "FM25", "{FF090416-E144-4CE7-A995-021F1F18917A}"
EndProject
Project("{9A19103F-16F7-4668-BE54-9A1E7A4F7556}") = "ESFA.DC.ILR.FundingService.FM25.Model", "FM25\ESFA.DC.ILR.FundingService.FM25.Model\ESFA.DC.ILR.FundingService.FM25.Model.csproj", "{3215BE00-4548-4D0F-A38E-77974B44E49E}"
EndProject
Project("{9A19103F-16F7-4668-BE54-9A1E7A4F7556}") = "ESFA.DC.ILR.FundingService.FM25.Service", "FM25\ESFA.DC.ILR.FundingService.FM25.Service\ESFA.DC.ILR.FundingService.FM25.Service.csproj", "{69A6495C-540F-4B31-A056-668A807502A5}"
EndProject
Project("{FAE04EC0-301F-11D3-BF4B-00C04F79EFBC}") = "ESFA.DC.ILR.FundingService.FM25.Service.Tests", "FM25\ESFA.DC.ILR.FundingService.FM25.Service.Tests\ESFA.DC.ILR.FundingService.FM25.Service.Tests.csproj", "{A85A6589-F43C-4DC4-828F-D0F4F4AD5D6D}"
EndProject
Project("{FAE04EC0-301F-11D3-BF4B-00C04F79EFBC}") = "ESFA.DC.ILR.FundingService.Orchestrators.Tests", "ESFA.DC.ILR.FundingService.Orchestrators.Tests\ESFA.DC.ILR.FundingService.Orchestrators.Tests.csproj", "{06C0DAAA-C88C-403C-8ECF-C4B1489594C7}"
EndProject
Project("{FAE04EC0-301F-11D3-BF4B-00C04F79EFBC}") = "ESFA.DC.ILR.FundingService.ALB.Service.Tests", "ALB\ESFA.DC.ILR.FundingService.ALB.Service.Tests\ESFA.DC.ILR.FundingService.ALB.Service.Tests.csproj", "{DF002585-C7A7-42A1-A0C9-4E2FBA823EE8}"
EndProject
Project("{2150E333-8FDC-42A3-9474-1A3956D46DE8}") = "FM36", "FM36", "{E8EB7B37-2892-42F4-9422-72C46999020F}"
EndProject
Project("{9A19103F-16F7-4668-BE54-9A1E7A4F7556}") = "ESFA.DC.ILR.FundingService.FM36.FundingOutput.Model", "FM36\ESFA.DC.ILR.FundingService.FM36.FundingOutput.Model\ESFA.DC.ILR.FundingService.FM36.FundingOutput.Model.csproj", "{E0EDD60C-BE4F-4B75-AD47-BCD8C86312A5}"
EndProject
Project("{9A19103F-16F7-4668-BE54-9A1E7A4F7556}") = "ESFA.DC.ILR.FundingService.FM36.Service", "FM36\ESFA.DC.ILR.FundingService.FM36.Service\ESFA.DC.ILR.FundingService.FM36.Service.csproj", "{CB2352D8-AB26-4E9C-9A90-E8292D434745}"
EndProject
Project("{FAE04EC0-301F-11D3-BF4B-00C04F79EFBC}") = "ESFA.DC.ILR.FundingService.FM36.Service.Tests", "FM36\ESFA.DC.ILR.FundingService.FM36.Service.Tests\ESFA.DC.ILR.FundingService.FM36.Service.Tests.csproj", "{9E6F4466-3EB8-43F5-BE92-E6C1CD695754}"
EndProject
Project("{FAE04EC0-301F-11D3-BF4B-00C04F79EFBC}") = "ESFA.DC.ILR.FundingService.FM36Actor", "FM36\ESFA.DC.ILR.FundingService.FM36Actor\ESFA.DC.ILR.FundingService.FM36Actor.csproj", "{0326CE37-598C-4E12-99E1-4FA894A99080}"
EndProject
Project("{FAE04EC0-301F-11D3-BF4B-00C04F79EFBC}") = "ESFA.DC.ILR.FundingService.FM36Actor.Interfaces", "FM36\ESFA.DC.ILR.FundingService.FM36Actor.Interfaces\ESFA.DC.ILR.FundingService.FM36Actor.Interfaces.csproj", "{C03A5548-0F4D-4DF0-B350-91B3C0762AFA}"
EndProject
Project("{FAE04EC0-301F-11D3-BF4B-00C04F79EFBC}") = "ESFA.DC.ILR.FundingService.FM35.Service.Tests", "FM35\ESFA.DC.ILR.FundingService.FM35.Service.Tests\ESFA.DC.ILR.FundingService.FM35.Service.Tests.csproj", "{317C92B8-3A70-4F69-9457-C8177506816E}"
EndProject
Project("{2150E333-8FDC-42A3-9474-1A3956D46DE8}") = "FM70", "FM70", "{7EF0E087-89C6-49D3-A557-AD3B40519113}"
EndProject
Project("{FAE04EC0-301F-11D3-BF4B-00C04F79EFBC}") = "ESFA.DC.ILR.FundingService.FM70.Service.Tests", "FM70\ESFA.DC.ILR.FundingService.FM70.Service.Tests\ESFA.DC.ILR.FundingService.FM70.Service.Tests.csproj", "{68D127C2-85A1-4A30-8EA2-BC3C0184F948}"
EndProject
Project("{9A19103F-16F7-4668-BE54-9A1E7A4F7556}") = "ESFA.DC.ILR.FundingService.FM70.FundingOutput.Model", "FM70\ESFA.DC.ILR.FundingService.FM70.FundingOutput.Model\ESFA.DC.ILR.FundingService.FM70.FundingOutput.Model.csproj", "{CE34CD36-5367-4832-A1B3-C05CF63B7680}"
EndProject
Project("{FAE04EC0-301F-11D3-BF4B-00C04F79EFBC}") = "ESFA.DC.ILR.FundingService.FM70.Service", "FM70\ESFA.DC.ILR.FundingService.FM70.Service\ESFA.DC.ILR.FundingService.FM70.Service.csproj", "{80429F93-9F82-4923-9467-9373662D9853}"
EndProject
Global
	GlobalSection(SolutionConfigurationPlatforms) = preSolution
		Debug|Any CPU = Debug|Any CPU
		Debug|x64 = Debug|x64
		Release|Any CPU = Release|Any CPU
		Release|x64 = Release|x64
	EndGlobalSection
	GlobalSection(ProjectConfigurationPlatforms) = postSolution
		{D2248984-0D7D-4D77-AFBF-5116C252615C}.Debug|Any CPU.ActiveCfg = Debug|x64
		{D2248984-0D7D-4D77-AFBF-5116C252615C}.Debug|Any CPU.Build.0 = Debug|x64
		{D2248984-0D7D-4D77-AFBF-5116C252615C}.Debug|Any CPU.Deploy.0 = Debug|x64
		{D2248984-0D7D-4D77-AFBF-5116C252615C}.Debug|x64.ActiveCfg = Debug|x64
		{D2248984-0D7D-4D77-AFBF-5116C252615C}.Debug|x64.Build.0 = Debug|x64
		{D2248984-0D7D-4D77-AFBF-5116C252615C}.Debug|x64.Deploy.0 = Debug|x64
		{D2248984-0D7D-4D77-AFBF-5116C252615C}.Release|Any CPU.ActiveCfg = Release|x64
		{D2248984-0D7D-4D77-AFBF-5116C252615C}.Release|Any CPU.Build.0 = Release|x64
		{D2248984-0D7D-4D77-AFBF-5116C252615C}.Release|Any CPU.Deploy.0 = Release|x64
		{D2248984-0D7D-4D77-AFBF-5116C252615C}.Release|x64.ActiveCfg = Release|x64
		{D2248984-0D7D-4D77-AFBF-5116C252615C}.Release|x64.Build.0 = Release|x64
		{D2248984-0D7D-4D77-AFBF-5116C252615C}.Release|x64.Deploy.0 = Release|x64
		{1478B042-E0E2-459A-841A-D0014C51CFBD}.Debug|Any CPU.ActiveCfg = Debug|x64
		{1478B042-E0E2-459A-841A-D0014C51CFBD}.Debug|Any CPU.Build.0 = Debug|x64
		{1478B042-E0E2-459A-841A-D0014C51CFBD}.Debug|x64.ActiveCfg = Debug|x64
		{1478B042-E0E2-459A-841A-D0014C51CFBD}.Debug|x64.Build.0 = Debug|x64
		{1478B042-E0E2-459A-841A-D0014C51CFBD}.Release|Any CPU.ActiveCfg = Release|x64
		{1478B042-E0E2-459A-841A-D0014C51CFBD}.Release|x64.ActiveCfg = Release|x64
		{1478B042-E0E2-459A-841A-D0014C51CFBD}.Release|x64.Build.0 = Release|x64
		{0FAAAAB8-443B-47BF-9E96-C3069E8789F9}.Debug|Any CPU.ActiveCfg = Debug|x64
		{0FAAAAB8-443B-47BF-9E96-C3069E8789F9}.Debug|Any CPU.Build.0 = Debug|x64
		{0FAAAAB8-443B-47BF-9E96-C3069E8789F9}.Debug|x64.ActiveCfg = Debug|x64
		{0FAAAAB8-443B-47BF-9E96-C3069E8789F9}.Debug|x64.Build.0 = Debug|x64
		{0FAAAAB8-443B-47BF-9E96-C3069E8789F9}.Release|Any CPU.ActiveCfg = Release|Any CPU
		{0FAAAAB8-443B-47BF-9E96-C3069E8789F9}.Release|Any CPU.Build.0 = Release|Any CPU
		{0FAAAAB8-443B-47BF-9E96-C3069E8789F9}.Release|x64.ActiveCfg = Release|Any CPU
		{0FAAAAB8-443B-47BF-9E96-C3069E8789F9}.Release|x64.Build.0 = Release|Any CPU
		{79748ECD-E5D4-4D1E-BE10-32588B2F625C}.Debug|Any CPU.ActiveCfg = Debug|x64
		{79748ECD-E5D4-4D1E-BE10-32588B2F625C}.Debug|Any CPU.Build.0 = Debug|x64
		{79748ECD-E5D4-4D1E-BE10-32588B2F625C}.Debug|x64.ActiveCfg = Debug|x64
		{79748ECD-E5D4-4D1E-BE10-32588B2F625C}.Debug|x64.Build.0 = Debug|x64
		{79748ECD-E5D4-4D1E-BE10-32588B2F625C}.Release|Any CPU.ActiveCfg = Release|Any CPU
		{79748ECD-E5D4-4D1E-BE10-32588B2F625C}.Release|Any CPU.Build.0 = Release|Any CPU
		{79748ECD-E5D4-4D1E-BE10-32588B2F625C}.Release|x64.ActiveCfg = Release|Any CPU
		{79748ECD-E5D4-4D1E-BE10-32588B2F625C}.Release|x64.Build.0 = Release|Any CPU
		{C72DB578-ECFD-4281-936E-26C6F4D2B3DB}.Debug|Any CPU.ActiveCfg = Debug|x64
		{C72DB578-ECFD-4281-936E-26C6F4D2B3DB}.Debug|Any CPU.Build.0 = Debug|x64
		{C72DB578-ECFD-4281-936E-26C6F4D2B3DB}.Debug|x64.ActiveCfg = Debug|x64
		{C72DB578-ECFD-4281-936E-26C6F4D2B3DB}.Debug|x64.Build.0 = Debug|x64
		{C72DB578-ECFD-4281-936E-26C6F4D2B3DB}.Release|Any CPU.ActiveCfg = Release|Any CPU
		{C72DB578-ECFD-4281-936E-26C6F4D2B3DB}.Release|Any CPU.Build.0 = Release|Any CPU
		{C72DB578-ECFD-4281-936E-26C6F4D2B3DB}.Release|x64.ActiveCfg = Release|Any CPU
		{C72DB578-ECFD-4281-936E-26C6F4D2B3DB}.Release|x64.Build.0 = Release|Any CPU
		{1AF8930F-8F7E-46FD-92C0-F31451512492}.Debug|Any CPU.ActiveCfg = Debug|x64
		{1AF8930F-8F7E-46FD-92C0-F31451512492}.Debug|Any CPU.Build.0 = Debug|x64
		{1AF8930F-8F7E-46FD-92C0-F31451512492}.Debug|x64.ActiveCfg = Debug|x64
		{1AF8930F-8F7E-46FD-92C0-F31451512492}.Debug|x64.Build.0 = Debug|x64
		{1AF8930F-8F7E-46FD-92C0-F31451512492}.Release|Any CPU.ActiveCfg = Release|x64
		{1AF8930F-8F7E-46FD-92C0-F31451512492}.Release|Any CPU.Build.0 = Release|x64
		{1AF8930F-8F7E-46FD-92C0-F31451512492}.Release|x64.ActiveCfg = Release|x64
		{1AF8930F-8F7E-46FD-92C0-F31451512492}.Release|x64.Build.0 = Release|x64
		{14944B1C-9717-4CBB-B756-37502DDB5E0B}.Debug|Any CPU.ActiveCfg = Debug|x64
		{14944B1C-9717-4CBB-B756-37502DDB5E0B}.Debug|Any CPU.Build.0 = Debug|x64
		{14944B1C-9717-4CBB-B756-37502DDB5E0B}.Debug|x64.ActiveCfg = Debug|x64
		{14944B1C-9717-4CBB-B756-37502DDB5E0B}.Debug|x64.Build.0 = Debug|x64
		{14944B1C-9717-4CBB-B756-37502DDB5E0B}.Release|Any CPU.ActiveCfg = Release|x64
		{14944B1C-9717-4CBB-B756-37502DDB5E0B}.Release|Any CPU.Build.0 = Release|x64
		{14944B1C-9717-4CBB-B756-37502DDB5E0B}.Release|x64.ActiveCfg = Release|x64
		{14944B1C-9717-4CBB-B756-37502DDB5E0B}.Release|x64.Build.0 = Release|x64
		{E6CF1460-4EF0-4579-B022-DC2D3F383568}.Debug|Any CPU.ActiveCfg = Debug|x64
		{E6CF1460-4EF0-4579-B022-DC2D3F383568}.Debug|Any CPU.Build.0 = Debug|x64
		{E6CF1460-4EF0-4579-B022-DC2D3F383568}.Debug|x64.ActiveCfg = Debug|x64
		{E6CF1460-4EF0-4579-B022-DC2D3F383568}.Debug|x64.Build.0 = Debug|x64
		{E6CF1460-4EF0-4579-B022-DC2D3F383568}.Release|Any CPU.ActiveCfg = Release|Any CPU
		{E6CF1460-4EF0-4579-B022-DC2D3F383568}.Release|Any CPU.Build.0 = Release|Any CPU
		{E6CF1460-4EF0-4579-B022-DC2D3F383568}.Release|x64.ActiveCfg = Release|Any CPU
		{E6CF1460-4EF0-4579-B022-DC2D3F383568}.Release|x64.Build.0 = Release|Any CPU
		{7D044D8C-64BE-48A0-A2F2-1284FC7395F5}.Debug|Any CPU.ActiveCfg = Debug|Any CPU
		{7D044D8C-64BE-48A0-A2F2-1284FC7395F5}.Debug|Any CPU.Build.0 = Debug|Any CPU
		{7D044D8C-64BE-48A0-A2F2-1284FC7395F5}.Debug|x64.ActiveCfg = Debug|Any CPU
		{7D044D8C-64BE-48A0-A2F2-1284FC7395F5}.Debug|x64.Build.0 = Debug|Any CPU
		{7D044D8C-64BE-48A0-A2F2-1284FC7395F5}.Release|Any CPU.ActiveCfg = Release|Any CPU
		{7D044D8C-64BE-48A0-A2F2-1284FC7395F5}.Release|Any CPU.Build.0 = Release|Any CPU
		{7D044D8C-64BE-48A0-A2F2-1284FC7395F5}.Release|x64.ActiveCfg = Release|Any CPU
		{7D044D8C-64BE-48A0-A2F2-1284FC7395F5}.Release|x64.Build.0 = Release|Any CPU
		{6D9E7986-7D34-4433-81D2-7C905B621FFD}.Debug|Any CPU.ActiveCfg = Debug|Any CPU
		{6D9E7986-7D34-4433-81D2-7C905B621FFD}.Debug|Any CPU.Build.0 = Debug|Any CPU
		{6D9E7986-7D34-4433-81D2-7C905B621FFD}.Debug|x64.ActiveCfg = Debug|Any CPU
		{6D9E7986-7D34-4433-81D2-7C905B621FFD}.Debug|x64.Build.0 = Debug|Any CPU
		{6D9E7986-7D34-4433-81D2-7C905B621FFD}.Release|Any CPU.ActiveCfg = Release|Any CPU
		{6D9E7986-7D34-4433-81D2-7C905B621FFD}.Release|Any CPU.Build.0 = Release|Any CPU
		{6D9E7986-7D34-4433-81D2-7C905B621FFD}.Release|x64.ActiveCfg = Release|Any CPU
		{6D9E7986-7D34-4433-81D2-7C905B621FFD}.Release|x64.Build.0 = Release|Any CPU
		{0021C0BF-4592-40C8-9272-82AC3A1339FA}.Debug|Any CPU.ActiveCfg = Debug|Any CPU
		{0021C0BF-4592-40C8-9272-82AC3A1339FA}.Debug|Any CPU.Build.0 = Debug|Any CPU
		{0021C0BF-4592-40C8-9272-82AC3A1339FA}.Debug|x64.ActiveCfg = Debug|Any CPU
		{0021C0BF-4592-40C8-9272-82AC3A1339FA}.Debug|x64.Build.0 = Debug|Any CPU
		{0021C0BF-4592-40C8-9272-82AC3A1339FA}.Release|Any CPU.ActiveCfg = Release|Any CPU
		{0021C0BF-4592-40C8-9272-82AC3A1339FA}.Release|Any CPU.Build.0 = Release|Any CPU
		{0021C0BF-4592-40C8-9272-82AC3A1339FA}.Release|x64.ActiveCfg = Release|Any CPU
		{0021C0BF-4592-40C8-9272-82AC3A1339FA}.Release|x64.Build.0 = Release|Any CPU
		{12B2CB23-3369-4720-8E41-C2DEDAA787CF}.Debug|Any CPU.ActiveCfg = Debug|Any CPU
		{12B2CB23-3369-4720-8E41-C2DEDAA787CF}.Debug|Any CPU.Build.0 = Debug|Any CPU
		{12B2CB23-3369-4720-8E41-C2DEDAA787CF}.Debug|x64.ActiveCfg = Debug|Any CPU
		{12B2CB23-3369-4720-8E41-C2DEDAA787CF}.Debug|x64.Build.0 = Debug|Any CPU
		{12B2CB23-3369-4720-8E41-C2DEDAA787CF}.Release|Any CPU.ActiveCfg = Release|Any CPU
		{12B2CB23-3369-4720-8E41-C2DEDAA787CF}.Release|Any CPU.Build.0 = Release|Any CPU
		{12B2CB23-3369-4720-8E41-C2DEDAA787CF}.Release|x64.ActiveCfg = Release|Any CPU
		{12B2CB23-3369-4720-8E41-C2DEDAA787CF}.Release|x64.Build.0 = Release|Any CPU
		{B8B8D031-851C-427B-9DEA-9F87A2F1B642}.Debug|Any CPU.ActiveCfg = Debug|Any CPU
		{B8B8D031-851C-427B-9DEA-9F87A2F1B642}.Debug|Any CPU.Build.0 = Debug|Any CPU
		{B8B8D031-851C-427B-9DEA-9F87A2F1B642}.Debug|x64.ActiveCfg = Debug|Any CPU
		{B8B8D031-851C-427B-9DEA-9F87A2F1B642}.Debug|x64.Build.0 = Debug|Any CPU
		{B8B8D031-851C-427B-9DEA-9F87A2F1B642}.Release|Any CPU.ActiveCfg = Release|Any CPU
		{B8B8D031-851C-427B-9DEA-9F87A2F1B642}.Release|Any CPU.Build.0 = Release|Any CPU
		{B8B8D031-851C-427B-9DEA-9F87A2F1B642}.Release|x64.ActiveCfg = Release|Any CPU
		{B8B8D031-851C-427B-9DEA-9F87A2F1B642}.Release|x64.Build.0 = Release|Any CPU
		{7C69290E-B03C-490B-9821-04E2B0B9CDF7}.Debug|Any CPU.ActiveCfg = Debug|Any CPU
		{7C69290E-B03C-490B-9821-04E2B0B9CDF7}.Debug|Any CPU.Build.0 = Debug|Any CPU
		{7C69290E-B03C-490B-9821-04E2B0B9CDF7}.Debug|x64.ActiveCfg = Debug|Any CPU
		{7C69290E-B03C-490B-9821-04E2B0B9CDF7}.Debug|x64.Build.0 = Debug|Any CPU
		{7C69290E-B03C-490B-9821-04E2B0B9CDF7}.Release|Any CPU.ActiveCfg = Release|Any CPU
		{7C69290E-B03C-490B-9821-04E2B0B9CDF7}.Release|Any CPU.Build.0 = Release|Any CPU
		{7C69290E-B03C-490B-9821-04E2B0B9CDF7}.Release|x64.ActiveCfg = Release|Any CPU
		{7C69290E-B03C-490B-9821-04E2B0B9CDF7}.Release|x64.Build.0 = Release|Any CPU
		{B3EDEACC-5F17-44AA-9B09-529CDC49B11C}.Debug|Any CPU.ActiveCfg = Debug|Any CPU
		{B3EDEACC-5F17-44AA-9B09-529CDC49B11C}.Debug|Any CPU.Build.0 = Debug|Any CPU
		{B3EDEACC-5F17-44AA-9B09-529CDC49B11C}.Debug|x64.ActiveCfg = Debug|Any CPU
		{B3EDEACC-5F17-44AA-9B09-529CDC49B11C}.Debug|x64.Build.0 = Debug|Any CPU
		{B3EDEACC-5F17-44AA-9B09-529CDC49B11C}.Release|Any CPU.ActiveCfg = Release|Any CPU
		{B3EDEACC-5F17-44AA-9B09-529CDC49B11C}.Release|Any CPU.Build.0 = Release|Any CPU
		{B3EDEACC-5F17-44AA-9B09-529CDC49B11C}.Release|x64.ActiveCfg = Release|Any CPU
		{B3EDEACC-5F17-44AA-9B09-529CDC49B11C}.Release|x64.Build.0 = Release|Any CPU
		{FC137929-D3E2-41C2-9C9A-ADC8B32D009A}.Debug|Any CPU.ActiveCfg = Debug|Any CPU
		{FC137929-D3E2-41C2-9C9A-ADC8B32D009A}.Debug|Any CPU.Build.0 = Debug|Any CPU
		{FC137929-D3E2-41C2-9C9A-ADC8B32D009A}.Debug|x64.ActiveCfg = Debug|Any CPU
		{FC137929-D3E2-41C2-9C9A-ADC8B32D009A}.Debug|x64.Build.0 = Debug|Any CPU
		{FC137929-D3E2-41C2-9C9A-ADC8B32D009A}.Release|Any CPU.ActiveCfg = Release|Any CPU
		{FC137929-D3E2-41C2-9C9A-ADC8B32D009A}.Release|Any CPU.Build.0 = Release|Any CPU
		{FC137929-D3E2-41C2-9C9A-ADC8B32D009A}.Release|x64.ActiveCfg = Release|Any CPU
		{FC137929-D3E2-41C2-9C9A-ADC8B32D009A}.Release|x64.Build.0 = Release|Any CPU
		{BBA05279-51DA-427B-8708-CA7AF3A228F5}.Debug|Any CPU.ActiveCfg = Debug|Any CPU
		{BBA05279-51DA-427B-8708-CA7AF3A228F5}.Debug|Any CPU.Build.0 = Debug|Any CPU
		{BBA05279-51DA-427B-8708-CA7AF3A228F5}.Debug|x64.ActiveCfg = Debug|Any CPU
		{BBA05279-51DA-427B-8708-CA7AF3A228F5}.Debug|x64.Build.0 = Debug|Any CPU
		{BBA05279-51DA-427B-8708-CA7AF3A228F5}.Release|Any CPU.ActiveCfg = Release|Any CPU
		{BBA05279-51DA-427B-8708-CA7AF3A228F5}.Release|Any CPU.Build.0 = Release|Any CPU
		{BBA05279-51DA-427B-8708-CA7AF3A228F5}.Release|x64.ActiveCfg = Release|Any CPU
		{BBA05279-51DA-427B-8708-CA7AF3A228F5}.Release|x64.Build.0 = Release|Any CPU
		{DAB31798-17DD-4C50-9D0E-ADB431AB0CDD}.Debug|Any CPU.ActiveCfg = Debug|Any CPU
		{DAB31798-17DD-4C50-9D0E-ADB431AB0CDD}.Debug|Any CPU.Build.0 = Debug|Any CPU
		{DAB31798-17DD-4C50-9D0E-ADB431AB0CDD}.Debug|x64.ActiveCfg = Debug|Any CPU
		{DAB31798-17DD-4C50-9D0E-ADB431AB0CDD}.Debug|x64.Build.0 = Debug|Any CPU
		{DAB31798-17DD-4C50-9D0E-ADB431AB0CDD}.Release|Any CPU.ActiveCfg = Release|Any CPU
		{DAB31798-17DD-4C50-9D0E-ADB431AB0CDD}.Release|Any CPU.Build.0 = Release|Any CPU
		{DAB31798-17DD-4C50-9D0E-ADB431AB0CDD}.Release|x64.ActiveCfg = Release|Any CPU
		{DAB31798-17DD-4C50-9D0E-ADB431AB0CDD}.Release|x64.Build.0 = Release|Any CPU
		{76638927-C08F-450E-9BFD-3B19AA19BF3F}.Debug|Any CPU.ActiveCfg = Debug|Any CPU
		{76638927-C08F-450E-9BFD-3B19AA19BF3F}.Debug|Any CPU.Build.0 = Debug|Any CPU
		{76638927-C08F-450E-9BFD-3B19AA19BF3F}.Debug|x64.ActiveCfg = Debug|Any CPU
		{76638927-C08F-450E-9BFD-3B19AA19BF3F}.Debug|x64.Build.0 = Debug|Any CPU
		{76638927-C08F-450E-9BFD-3B19AA19BF3F}.Release|Any CPU.ActiveCfg = Release|Any CPU
		{76638927-C08F-450E-9BFD-3B19AA19BF3F}.Release|Any CPU.Build.0 = Release|Any CPU
		{76638927-C08F-450E-9BFD-3B19AA19BF3F}.Release|x64.ActiveCfg = Release|Any CPU
		{76638927-C08F-450E-9BFD-3B19AA19BF3F}.Release|x64.Build.0 = Release|Any CPU
		{2A30BC1F-122E-46BD-95A1-F2F98C3F8B1F}.Debug|Any CPU.ActiveCfg = Debug|Any CPU
		{2A30BC1F-122E-46BD-95A1-F2F98C3F8B1F}.Debug|Any CPU.Build.0 = Debug|Any CPU
		{2A30BC1F-122E-46BD-95A1-F2F98C3F8B1F}.Debug|x64.ActiveCfg = Debug|Any CPU
		{2A30BC1F-122E-46BD-95A1-F2F98C3F8B1F}.Debug|x64.Build.0 = Debug|Any CPU
		{2A30BC1F-122E-46BD-95A1-F2F98C3F8B1F}.Release|Any CPU.ActiveCfg = Release|Any CPU
		{2A30BC1F-122E-46BD-95A1-F2F98C3F8B1F}.Release|Any CPU.Build.0 = Release|Any CPU
		{2A30BC1F-122E-46BD-95A1-F2F98C3F8B1F}.Release|x64.ActiveCfg = Release|Any CPU
		{2A30BC1F-122E-46BD-95A1-F2F98C3F8B1F}.Release|x64.Build.0 = Release|Any CPU
		{2C486D66-E63E-4FDF-8047-279CE14F2A87}.Debug|Any CPU.ActiveCfg = Debug|Any CPU
		{2C486D66-E63E-4FDF-8047-279CE14F2A87}.Debug|Any CPU.Build.0 = Debug|Any CPU
		{2C486D66-E63E-4FDF-8047-279CE14F2A87}.Debug|x64.ActiveCfg = Debug|Any CPU
		{2C486D66-E63E-4FDF-8047-279CE14F2A87}.Debug|x64.Build.0 = Debug|Any CPU
		{2C486D66-E63E-4FDF-8047-279CE14F2A87}.Release|Any CPU.ActiveCfg = Release|Any CPU
		{2C486D66-E63E-4FDF-8047-279CE14F2A87}.Release|Any CPU.Build.0 = Release|Any CPU
		{2C486D66-E63E-4FDF-8047-279CE14F2A87}.Release|x64.ActiveCfg = Release|Any CPU
		{2C486D66-E63E-4FDF-8047-279CE14F2A87}.Release|x64.Build.0 = Release|Any CPU
		{D1476198-DC54-475F-B392-CEC5E138A9FF}.Debug|Any CPU.ActiveCfg = Debug|Any CPU
		{D1476198-DC54-475F-B392-CEC5E138A9FF}.Debug|Any CPU.Build.0 = Debug|Any CPU
		{D1476198-DC54-475F-B392-CEC5E138A9FF}.Debug|x64.ActiveCfg = Debug|Any CPU
		{D1476198-DC54-475F-B392-CEC5E138A9FF}.Debug|x64.Build.0 = Debug|Any CPU
		{D1476198-DC54-475F-B392-CEC5E138A9FF}.Release|Any CPU.ActiveCfg = Release|Any CPU
		{D1476198-DC54-475F-B392-CEC5E138A9FF}.Release|Any CPU.Build.0 = Release|Any CPU
		{D1476198-DC54-475F-B392-CEC5E138A9FF}.Release|x64.ActiveCfg = Release|Any CPU
		{D1476198-DC54-475F-B392-CEC5E138A9FF}.Release|x64.Build.0 = Release|Any CPU
		{DC64FBC1-95F2-420D-AE91-7E439026C1FA}.Debug|Any CPU.ActiveCfg = Debug|Any CPU
		{DC64FBC1-95F2-420D-AE91-7E439026C1FA}.Debug|Any CPU.Build.0 = Debug|Any CPU
		{DC64FBC1-95F2-420D-AE91-7E439026C1FA}.Debug|x64.ActiveCfg = Debug|Any CPU
		{DC64FBC1-95F2-420D-AE91-7E439026C1FA}.Debug|x64.Build.0 = Debug|Any CPU
		{DC64FBC1-95F2-420D-AE91-7E439026C1FA}.Release|Any CPU.ActiveCfg = Release|Any CPU
		{DC64FBC1-95F2-420D-AE91-7E439026C1FA}.Release|Any CPU.Build.0 = Release|Any CPU
		{DC64FBC1-95F2-420D-AE91-7E439026C1FA}.Release|x64.ActiveCfg = Release|Any CPU
		{DC64FBC1-95F2-420D-AE91-7E439026C1FA}.Release|x64.Build.0 = Release|Any CPU
		{4416732C-690E-4092-9E2A-EE96682CEF80}.Debug|Any CPU.ActiveCfg = Debug|Any CPU
		{4416732C-690E-4092-9E2A-EE96682CEF80}.Debug|Any CPU.Build.0 = Debug|Any CPU
		{4416732C-690E-4092-9E2A-EE96682CEF80}.Debug|x64.ActiveCfg = Debug|Any CPU
		{4416732C-690E-4092-9E2A-EE96682CEF80}.Debug|x64.Build.0 = Debug|Any CPU
		{4416732C-690E-4092-9E2A-EE96682CEF80}.Release|Any CPU.ActiveCfg = Release|Any CPU
		{4416732C-690E-4092-9E2A-EE96682CEF80}.Release|Any CPU.Build.0 = Release|Any CPU
		{4416732C-690E-4092-9E2A-EE96682CEF80}.Release|x64.ActiveCfg = Release|Any CPU
		{4416732C-690E-4092-9E2A-EE96682CEF80}.Release|x64.Build.0 = Release|Any CPU
		{81FA550D-DD5E-4F5B-AC66-1DCA51824E9C}.Debug|Any CPU.ActiveCfg = Debug|Any CPU
		{81FA550D-DD5E-4F5B-AC66-1DCA51824E9C}.Debug|Any CPU.Build.0 = Debug|Any CPU
		{81FA550D-DD5E-4F5B-AC66-1DCA51824E9C}.Debug|x64.ActiveCfg = Debug|Any CPU
		{81FA550D-DD5E-4F5B-AC66-1DCA51824E9C}.Debug|x64.Build.0 = Debug|Any CPU
		{81FA550D-DD5E-4F5B-AC66-1DCA51824E9C}.Release|Any CPU.ActiveCfg = Release|Any CPU
		{81FA550D-DD5E-4F5B-AC66-1DCA51824E9C}.Release|Any CPU.Build.0 = Release|Any CPU
		{81FA550D-DD5E-4F5B-AC66-1DCA51824E9C}.Release|x64.ActiveCfg = Release|Any CPU
		{81FA550D-DD5E-4F5B-AC66-1DCA51824E9C}.Release|x64.Build.0 = Release|Any CPU
		{69B93B19-4FD0-4205-AFFA-8B71122A3C65}.Debug|Any CPU.ActiveCfg = Debug|Any CPU
		{69B93B19-4FD0-4205-AFFA-8B71122A3C65}.Debug|Any CPU.Build.0 = Debug|Any CPU
		{69B93B19-4FD0-4205-AFFA-8B71122A3C65}.Debug|x64.ActiveCfg = Debug|Any CPU
		{69B93B19-4FD0-4205-AFFA-8B71122A3C65}.Debug|x64.Build.0 = Debug|Any CPU
		{69B93B19-4FD0-4205-AFFA-8B71122A3C65}.Release|Any CPU.ActiveCfg = Release|Any CPU
		{69B93B19-4FD0-4205-AFFA-8B71122A3C65}.Release|Any CPU.Build.0 = Release|Any CPU
		{69B93B19-4FD0-4205-AFFA-8B71122A3C65}.Release|x64.ActiveCfg = Release|Any CPU
		{69B93B19-4FD0-4205-AFFA-8B71122A3C65}.Release|x64.Build.0 = Release|Any CPU
		{CB179664-339B-4877-B208-1007AE42FD7C}.Debug|Any CPU.ActiveCfg = Debug|Any CPU
		{CB179664-339B-4877-B208-1007AE42FD7C}.Debug|Any CPU.Build.0 = Debug|Any CPU
		{CB179664-339B-4877-B208-1007AE42FD7C}.Debug|x64.ActiveCfg = Debug|Any CPU
		{CB179664-339B-4877-B208-1007AE42FD7C}.Debug|x64.Build.0 = Debug|Any CPU
		{CB179664-339B-4877-B208-1007AE42FD7C}.Release|Any CPU.ActiveCfg = Release|Any CPU
		{CB179664-339B-4877-B208-1007AE42FD7C}.Release|Any CPU.Build.0 = Release|Any CPU
		{CB179664-339B-4877-B208-1007AE42FD7C}.Release|x64.ActiveCfg = Release|Any CPU
		{CB179664-339B-4877-B208-1007AE42FD7C}.Release|x64.Build.0 = Release|Any CPU
		{4470C1A0-91D9-4411-9F30-51F69E39C11D}.Debug|Any CPU.ActiveCfg = Debug|Any CPU
		{4470C1A0-91D9-4411-9F30-51F69E39C11D}.Debug|Any CPU.Build.0 = Debug|Any CPU
		{4470C1A0-91D9-4411-9F30-51F69E39C11D}.Debug|x64.ActiveCfg = Debug|Any CPU
		{4470C1A0-91D9-4411-9F30-51F69E39C11D}.Debug|x64.Build.0 = Debug|Any CPU
		{4470C1A0-91D9-4411-9F30-51F69E39C11D}.Release|Any CPU.ActiveCfg = Release|Any CPU
		{4470C1A0-91D9-4411-9F30-51F69E39C11D}.Release|Any CPU.Build.0 = Release|Any CPU
		{4470C1A0-91D9-4411-9F30-51F69E39C11D}.Release|x64.ActiveCfg = Release|Any CPU
		{4470C1A0-91D9-4411-9F30-51F69E39C11D}.Release|x64.Build.0 = Release|Any CPU
		{30B47144-2B10-418A-8DEA-8F99D83F0412}.Debug|Any CPU.ActiveCfg = Debug|Any CPU
		{30B47144-2B10-418A-8DEA-8F99D83F0412}.Debug|Any CPU.Build.0 = Debug|Any CPU
		{30B47144-2B10-418A-8DEA-8F99D83F0412}.Debug|x64.ActiveCfg = Debug|Any CPU
		{30B47144-2B10-418A-8DEA-8F99D83F0412}.Debug|x64.Build.0 = Debug|Any CPU
		{30B47144-2B10-418A-8DEA-8F99D83F0412}.Release|Any CPU.ActiveCfg = Release|Any CPU
		{30B47144-2B10-418A-8DEA-8F99D83F0412}.Release|Any CPU.Build.0 = Release|Any CPU
		{30B47144-2B10-418A-8DEA-8F99D83F0412}.Release|x64.ActiveCfg = Release|Any CPU
		{30B47144-2B10-418A-8DEA-8F99D83F0412}.Release|x64.Build.0 = Release|Any CPU
		{07D60CD0-91E9-417D-9F31-1B92EF91DAE6}.Debug|Any CPU.ActiveCfg = Debug|Any CPU
		{07D60CD0-91E9-417D-9F31-1B92EF91DAE6}.Debug|Any CPU.Build.0 = Debug|Any CPU
		{07D60CD0-91E9-417D-9F31-1B92EF91DAE6}.Debug|x64.ActiveCfg = Debug|Any CPU
		{07D60CD0-91E9-417D-9F31-1B92EF91DAE6}.Debug|x64.Build.0 = Debug|Any CPU
		{07D60CD0-91E9-417D-9F31-1B92EF91DAE6}.Release|Any CPU.ActiveCfg = Release|Any CPU
		{07D60CD0-91E9-417D-9F31-1B92EF91DAE6}.Release|Any CPU.Build.0 = Release|Any CPU
		{07D60CD0-91E9-417D-9F31-1B92EF91DAE6}.Release|x64.ActiveCfg = Release|Any CPU
		{07D60CD0-91E9-417D-9F31-1B92EF91DAE6}.Release|x64.Build.0 = Release|Any CPU
		{26FAB064-72B6-40E0-9A01-5C7ECBEE2B85}.Debug|Any CPU.ActiveCfg = Debug|Any CPU
		{26FAB064-72B6-40E0-9A01-5C7ECBEE2B85}.Debug|Any CPU.Build.0 = Debug|Any CPU
		{26FAB064-72B6-40E0-9A01-5C7ECBEE2B85}.Debug|x64.ActiveCfg = Debug|Any CPU
		{26FAB064-72B6-40E0-9A01-5C7ECBEE2B85}.Debug|x64.Build.0 = Debug|Any CPU
		{26FAB064-72B6-40E0-9A01-5C7ECBEE2B85}.Release|Any CPU.ActiveCfg = Release|Any CPU
		{26FAB064-72B6-40E0-9A01-5C7ECBEE2B85}.Release|Any CPU.Build.0 = Release|Any CPU
		{26FAB064-72B6-40E0-9A01-5C7ECBEE2B85}.Release|x64.ActiveCfg = Release|Any CPU
		{26FAB064-72B6-40E0-9A01-5C7ECBEE2B85}.Release|x64.Build.0 = Release|Any CPU
		{3C6E629F-9203-452A-B96F-6D72C63B73AA}.Debug|Any CPU.ActiveCfg = Debug|Any CPU
		{3C6E629F-9203-452A-B96F-6D72C63B73AA}.Debug|Any CPU.Build.0 = Debug|Any CPU
		{3C6E629F-9203-452A-B96F-6D72C63B73AA}.Debug|x64.ActiveCfg = Debug|Any CPU
		{3C6E629F-9203-452A-B96F-6D72C63B73AA}.Debug|x64.Build.0 = Debug|Any CPU
		{3C6E629F-9203-452A-B96F-6D72C63B73AA}.Release|Any CPU.ActiveCfg = Release|Any CPU
		{3C6E629F-9203-452A-B96F-6D72C63B73AA}.Release|Any CPU.Build.0 = Release|Any CPU
		{3C6E629F-9203-452A-B96F-6D72C63B73AA}.Release|x64.ActiveCfg = Release|Any CPU
		{3C6E629F-9203-452A-B96F-6D72C63B73AA}.Release|x64.Build.0 = Release|Any CPU
		{29C28BC1-23E2-4FAD-AB74-83CD2D33E7D8}.Debug|Any CPU.ActiveCfg = Debug|Any CPU
		{29C28BC1-23E2-4FAD-AB74-83CD2D33E7D8}.Debug|Any CPU.Build.0 = Debug|Any CPU
		{29C28BC1-23E2-4FAD-AB74-83CD2D33E7D8}.Debug|x64.ActiveCfg = Debug|Any CPU
		{29C28BC1-23E2-4FAD-AB74-83CD2D33E7D8}.Debug|x64.Build.0 = Debug|Any CPU
		{29C28BC1-23E2-4FAD-AB74-83CD2D33E7D8}.Release|Any CPU.ActiveCfg = Release|Any CPU
		{29C28BC1-23E2-4FAD-AB74-83CD2D33E7D8}.Release|Any CPU.Build.0 = Release|Any CPU
		{29C28BC1-23E2-4FAD-AB74-83CD2D33E7D8}.Release|x64.ActiveCfg = Release|Any CPU
		{29C28BC1-23E2-4FAD-AB74-83CD2D33E7D8}.Release|x64.Build.0 = Release|Any CPU
		{652FF283-3708-4DCA-A45E-81297B8BA8A7}.Debug|Any CPU.ActiveCfg = Debug|x64
		{652FF283-3708-4DCA-A45E-81297B8BA8A7}.Debug|Any CPU.Build.0 = Debug|x64
		{652FF283-3708-4DCA-A45E-81297B8BA8A7}.Debug|x64.ActiveCfg = Debug|x64
		{652FF283-3708-4DCA-A45E-81297B8BA8A7}.Debug|x64.Build.0 = Debug|x64
		{652FF283-3708-4DCA-A45E-81297B8BA8A7}.Release|Any CPU.ActiveCfg = Release|Any CPU
		{652FF283-3708-4DCA-A45E-81297B8BA8A7}.Release|Any CPU.Build.0 = Release|Any CPU
		{652FF283-3708-4DCA-A45E-81297B8BA8A7}.Release|x64.ActiveCfg = Release|x64
		{652FF283-3708-4DCA-A45E-81297B8BA8A7}.Release|x64.Build.0 = Release|x64
		{20E27C18-85B3-4936-AE10-F52B6C49840B}.Debug|Any CPU.ActiveCfg = Debug|x64
		{20E27C18-85B3-4936-AE10-F52B6C49840B}.Debug|Any CPU.Build.0 = Debug|x64
		{20E27C18-85B3-4936-AE10-F52B6C49840B}.Debug|x64.ActiveCfg = Debug|x64
		{20E27C18-85B3-4936-AE10-F52B6C49840B}.Debug|x64.Build.0 = Debug|x64
		{20E27C18-85B3-4936-AE10-F52B6C49840B}.Release|Any CPU.ActiveCfg = Release|x64
		{20E27C18-85B3-4936-AE10-F52B6C49840B}.Release|Any CPU.Build.0 = Release|x64
		{20E27C18-85B3-4936-AE10-F52B6C49840B}.Release|x64.ActiveCfg = Release|x64
		{20E27C18-85B3-4936-AE10-F52B6C49840B}.Release|x64.Build.0 = Release|x64
		{479E2521-1924-41DB-9CB7-CF8EA6DECD18}.Debug|Any CPU.ActiveCfg = Debug|x64
		{479E2521-1924-41DB-9CB7-CF8EA6DECD18}.Debug|Any CPU.Build.0 = Debug|x64
		{479E2521-1924-41DB-9CB7-CF8EA6DECD18}.Debug|x64.ActiveCfg = Debug|x64
		{479E2521-1924-41DB-9CB7-CF8EA6DECD18}.Debug|x64.Build.0 = Debug|x64
		{479E2521-1924-41DB-9CB7-CF8EA6DECD18}.Release|Any CPU.ActiveCfg = Release|x64
		{479E2521-1924-41DB-9CB7-CF8EA6DECD18}.Release|Any CPU.Build.0 = Release|x64
		{479E2521-1924-41DB-9CB7-CF8EA6DECD18}.Release|x64.ActiveCfg = Release|x64
		{479E2521-1924-41DB-9CB7-CF8EA6DECD18}.Release|x64.Build.0 = Release|x64
		{21BA0741-5975-4902-8D7A-567A50873CFA}.Debug|Any CPU.ActiveCfg = Debug|x64
		{21BA0741-5975-4902-8D7A-567A50873CFA}.Debug|Any CPU.Build.0 = Debug|x64
		{21BA0741-5975-4902-8D7A-567A50873CFA}.Debug|x64.ActiveCfg = Debug|x64
		{21BA0741-5975-4902-8D7A-567A50873CFA}.Debug|x64.Build.0 = Debug|x64
		{21BA0741-5975-4902-8D7A-567A50873CFA}.Release|Any CPU.ActiveCfg = Release|Any CPU
		{21BA0741-5975-4902-8D7A-567A50873CFA}.Release|Any CPU.Build.0 = Release|Any CPU
		{21BA0741-5975-4902-8D7A-567A50873CFA}.Release|x64.ActiveCfg = Release|x64
		{21BA0741-5975-4902-8D7A-567A50873CFA}.Release|x64.Build.0 = Release|x64
		{F32513D1-B309-49E8-BFB8-03A1EE05970C}.Debug|Any CPU.ActiveCfg = Debug|x64
		{F32513D1-B309-49E8-BFB8-03A1EE05970C}.Debug|Any CPU.Build.0 = Debug|x64
		{F32513D1-B309-49E8-BFB8-03A1EE05970C}.Debug|x64.ActiveCfg = Debug|x64
		{F32513D1-B309-49E8-BFB8-03A1EE05970C}.Debug|x64.Build.0 = Debug|x64
		{F32513D1-B309-49E8-BFB8-03A1EE05970C}.Release|Any CPU.ActiveCfg = Release|x64
		{F32513D1-B309-49E8-BFB8-03A1EE05970C}.Release|x64.ActiveCfg = Release|x64
		{F32513D1-B309-49E8-BFB8-03A1EE05970C}.Release|x64.Build.0 = Release|x64
		{7B947EBD-BB53-41DB-81B5-C798CFABB45C}.Debug|Any CPU.ActiveCfg = Debug|x64
		{7B947EBD-BB53-41DB-81B5-C798CFABB45C}.Debug|Any CPU.Build.0 = Debug|x64
		{7B947EBD-BB53-41DB-81B5-C798CFABB45C}.Debug|x64.ActiveCfg = Debug|x64
		{7B947EBD-BB53-41DB-81B5-C798CFABB45C}.Debug|x64.Build.0 = Debug|x64
		{7B947EBD-BB53-41DB-81B5-C798CFABB45C}.Release|Any CPU.ActiveCfg = Release|x64
		{7B947EBD-BB53-41DB-81B5-C798CFABB45C}.Release|x64.ActiveCfg = Release|x64
		{7B947EBD-BB53-41DB-81B5-C798CFABB45C}.Release|x64.Build.0 = Release|x64
		{3215BE00-4548-4D0F-A38E-77974B44E49E}.Debug|Any CPU.ActiveCfg = Debug|Any CPU
		{3215BE00-4548-4D0F-A38E-77974B44E49E}.Debug|Any CPU.Build.0 = Debug|Any CPU
		{3215BE00-4548-4D0F-A38E-77974B44E49E}.Debug|x64.ActiveCfg = Debug|Any CPU
		{3215BE00-4548-4D0F-A38E-77974B44E49E}.Debug|x64.Build.0 = Debug|Any CPU
		{3215BE00-4548-4D0F-A38E-77974B44E49E}.Release|Any CPU.ActiveCfg = Release|Any CPU
		{3215BE00-4548-4D0F-A38E-77974B44E49E}.Release|Any CPU.Build.0 = Release|Any CPU
		{3215BE00-4548-4D0F-A38E-77974B44E49E}.Release|x64.ActiveCfg = Release|Any CPU
		{3215BE00-4548-4D0F-A38E-77974B44E49E}.Release|x64.Build.0 = Release|Any CPU
		{69A6495C-540F-4B31-A056-668A807502A5}.Debug|Any CPU.ActiveCfg = Debug|Any CPU
		{69A6495C-540F-4B31-A056-668A807502A5}.Debug|Any CPU.Build.0 = Debug|Any CPU
		{69A6495C-540F-4B31-A056-668A807502A5}.Debug|x64.ActiveCfg = Debug|Any CPU
		{69A6495C-540F-4B31-A056-668A807502A5}.Debug|x64.Build.0 = Debug|Any CPU
		{69A6495C-540F-4B31-A056-668A807502A5}.Release|Any CPU.ActiveCfg = Release|Any CPU
		{69A6495C-540F-4B31-A056-668A807502A5}.Release|Any CPU.Build.0 = Release|Any CPU
		{69A6495C-540F-4B31-A056-668A807502A5}.Release|x64.ActiveCfg = Release|Any CPU
		{69A6495C-540F-4B31-A056-668A807502A5}.Release|x64.Build.0 = Release|Any CPU
		{A85A6589-F43C-4DC4-828F-D0F4F4AD5D6D}.Debug|Any CPU.ActiveCfg = Debug|Any CPU
		{A85A6589-F43C-4DC4-828F-D0F4F4AD5D6D}.Debug|Any CPU.Build.0 = Debug|Any CPU
		{A85A6589-F43C-4DC4-828F-D0F4F4AD5D6D}.Debug|x64.ActiveCfg = Debug|Any CPU
		{A85A6589-F43C-4DC4-828F-D0F4F4AD5D6D}.Debug|x64.Build.0 = Debug|Any CPU
		{A85A6589-F43C-4DC4-828F-D0F4F4AD5D6D}.Release|Any CPU.ActiveCfg = Release|Any CPU
		{A85A6589-F43C-4DC4-828F-D0F4F4AD5D6D}.Release|Any CPU.Build.0 = Release|Any CPU
		{A85A6589-F43C-4DC4-828F-D0F4F4AD5D6D}.Release|x64.ActiveCfg = Release|Any CPU
		{A85A6589-F43C-4DC4-828F-D0F4F4AD5D6D}.Release|x64.Build.0 = Release|Any CPU
		{06C0DAAA-C88C-403C-8ECF-C4B1489594C7}.Debug|Any CPU.ActiveCfg = Debug|x64
		{06C0DAAA-C88C-403C-8ECF-C4B1489594C7}.Debug|Any CPU.Build.0 = Debug|x64
		{06C0DAAA-C88C-403C-8ECF-C4B1489594C7}.Debug|x64.ActiveCfg = Debug|Any CPU
		{06C0DAAA-C88C-403C-8ECF-C4B1489594C7}.Debug|x64.Build.0 = Debug|Any CPU
		{06C0DAAA-C88C-403C-8ECF-C4B1489594C7}.Release|Any CPU.ActiveCfg = Release|Any CPU
		{06C0DAAA-C88C-403C-8ECF-C4B1489594C7}.Release|Any CPU.Build.0 = Release|Any CPU
		{06C0DAAA-C88C-403C-8ECF-C4B1489594C7}.Release|x64.ActiveCfg = Release|Any CPU
		{06C0DAAA-C88C-403C-8ECF-C4B1489594C7}.Release|x64.Build.0 = Release|Any CPU
		{DF002585-C7A7-42A1-A0C9-4E2FBA823EE8}.Debug|Any CPU.ActiveCfg = Debug|Any CPU
		{DF002585-C7A7-42A1-A0C9-4E2FBA823EE8}.Debug|Any CPU.Build.0 = Debug|Any CPU
		{DF002585-C7A7-42A1-A0C9-4E2FBA823EE8}.Debug|x64.ActiveCfg = Debug|Any CPU
		{DF002585-C7A7-42A1-A0C9-4E2FBA823EE8}.Debug|x64.Build.0 = Debug|Any CPU
		{DF002585-C7A7-42A1-A0C9-4E2FBA823EE8}.Release|Any CPU.ActiveCfg = Release|Any CPU
		{DF002585-C7A7-42A1-A0C9-4E2FBA823EE8}.Release|Any CPU.Build.0 = Release|Any CPU
		{DF002585-C7A7-42A1-A0C9-4E2FBA823EE8}.Release|x64.ActiveCfg = Release|Any CPU
		{DF002585-C7A7-42A1-A0C9-4E2FBA823EE8}.Release|x64.Build.0 = Release|Any CPU
		{E0EDD60C-BE4F-4B75-AD47-BCD8C86312A5}.Debug|Any CPU.ActiveCfg = Debug|Any CPU
		{E0EDD60C-BE4F-4B75-AD47-BCD8C86312A5}.Debug|Any CPU.Build.0 = Debug|Any CPU
		{E0EDD60C-BE4F-4B75-AD47-BCD8C86312A5}.Debug|x64.ActiveCfg = Debug|Any CPU
		{E0EDD60C-BE4F-4B75-AD47-BCD8C86312A5}.Debug|x64.Build.0 = Debug|Any CPU
		{E0EDD60C-BE4F-4B75-AD47-BCD8C86312A5}.Release|Any CPU.ActiveCfg = Release|Any CPU
		{E0EDD60C-BE4F-4B75-AD47-BCD8C86312A5}.Release|Any CPU.Build.0 = Release|Any CPU
		{E0EDD60C-BE4F-4B75-AD47-BCD8C86312A5}.Release|x64.ActiveCfg = Release|Any CPU
		{E0EDD60C-BE4F-4B75-AD47-BCD8C86312A5}.Release|x64.Build.0 = Release|Any CPU
		{CB2352D8-AB26-4E9C-9A90-E8292D434745}.Debug|Any CPU.ActiveCfg = Debug|Any CPU
		{CB2352D8-AB26-4E9C-9A90-E8292D434745}.Debug|Any CPU.Build.0 = Debug|Any CPU
		{CB2352D8-AB26-4E9C-9A90-E8292D434745}.Debug|x64.ActiveCfg = Debug|Any CPU
		{CB2352D8-AB26-4E9C-9A90-E8292D434745}.Debug|x64.Build.0 = Debug|Any CPU
		{CB2352D8-AB26-4E9C-9A90-E8292D434745}.Release|Any CPU.ActiveCfg = Release|Any CPU
		{CB2352D8-AB26-4E9C-9A90-E8292D434745}.Release|Any CPU.Build.0 = Release|Any CPU
		{CB2352D8-AB26-4E9C-9A90-E8292D434745}.Release|x64.ActiveCfg = Release|Any CPU
		{CB2352D8-AB26-4E9C-9A90-E8292D434745}.Release|x64.Build.0 = Release|Any CPU
		{9E6F4466-3EB8-43F5-BE92-E6C1CD695754}.Debug|Any CPU.ActiveCfg = Debug|Any CPU
		{9E6F4466-3EB8-43F5-BE92-E6C1CD695754}.Debug|Any CPU.Build.0 = Debug|Any CPU
		{9E6F4466-3EB8-43F5-BE92-E6C1CD695754}.Debug|x64.ActiveCfg = Debug|Any CPU
		{9E6F4466-3EB8-43F5-BE92-E6C1CD695754}.Debug|x64.Build.0 = Debug|Any CPU
		{9E6F4466-3EB8-43F5-BE92-E6C1CD695754}.Release|Any CPU.ActiveCfg = Release|Any CPU
		{9E6F4466-3EB8-43F5-BE92-E6C1CD695754}.Release|Any CPU.Build.0 = Release|Any CPU
		{9E6F4466-3EB8-43F5-BE92-E6C1CD695754}.Release|x64.ActiveCfg = Release|Any CPU
		{9E6F4466-3EB8-43F5-BE92-E6C1CD695754}.Release|x64.Build.0 = Release|Any CPU
		{0326CE37-598C-4E12-99E1-4FA894A99080}.Debug|Any CPU.ActiveCfg = Debug|x64
		{0326CE37-598C-4E12-99E1-4FA894A99080}.Debug|Any CPU.Build.0 = Debug|x64
		{0326CE37-598C-4E12-99E1-4FA894A99080}.Debug|x64.ActiveCfg = Debug|x64
		{0326CE37-598C-4E12-99E1-4FA894A99080}.Debug|x64.Build.0 = Debug|x64
		{0326CE37-598C-4E12-99E1-4FA894A99080}.Release|Any CPU.ActiveCfg = Release|x64
		{0326CE37-598C-4E12-99E1-4FA894A99080}.Release|x64.ActiveCfg = Release|x64
		{0326CE37-598C-4E12-99E1-4FA894A99080}.Release|x64.Build.0 = Release|x64
		{C03A5548-0F4D-4DF0-B350-91B3C0762AFA}.Debug|Any CPU.ActiveCfg = Debug|x64
		{C03A5548-0F4D-4DF0-B350-91B3C0762AFA}.Debug|Any CPU.Build.0 = Debug|x64
		{C03A5548-0F4D-4DF0-B350-91B3C0762AFA}.Debug|x64.ActiveCfg = Debug|x64
		{C03A5548-0F4D-4DF0-B350-91B3C0762AFA}.Debug|x64.Build.0 = Debug|x64
		{C03A5548-0F4D-4DF0-B350-91B3C0762AFA}.Release|Any CPU.ActiveCfg = Release|x64
		{C03A5548-0F4D-4DF0-B350-91B3C0762AFA}.Release|x64.ActiveCfg = Release|x64
		{C03A5548-0F4D-4DF0-B350-91B3C0762AFA}.Release|x64.Build.0 = Release|x64
		{317C92B8-3A70-4F69-9457-C8177506816E}.Debug|Any CPU.ActiveCfg = Debug|Any CPU
		{317C92B8-3A70-4F69-9457-C8177506816E}.Debug|Any CPU.Build.0 = Debug|Any CPU
		{317C92B8-3A70-4F69-9457-C8177506816E}.Debug|x64.ActiveCfg = Debug|Any CPU
		{317C92B8-3A70-4F69-9457-C8177506816E}.Debug|x64.Build.0 = Debug|Any CPU
		{317C92B8-3A70-4F69-9457-C8177506816E}.Release|Any CPU.ActiveCfg = Release|Any CPU
		{317C92B8-3A70-4F69-9457-C8177506816E}.Release|Any CPU.Build.0 = Release|Any CPU
		{317C92B8-3A70-4F69-9457-C8177506816E}.Release|x64.ActiveCfg = Release|Any CPU
		{317C92B8-3A70-4F69-9457-C8177506816E}.Release|x64.Build.0 = Release|Any CPU
		{68D127C2-85A1-4A30-8EA2-BC3C0184F948}.Debug|Any CPU.ActiveCfg = Debug|Any CPU
		{68D127C2-85A1-4A30-8EA2-BC3C0184F948}.Debug|Any CPU.Build.0 = Debug|Any CPU
		{68D127C2-85A1-4A30-8EA2-BC3C0184F948}.Debug|x64.ActiveCfg = Debug|Any CPU
		{68D127C2-85A1-4A30-8EA2-BC3C0184F948}.Debug|x64.Build.0 = Debug|Any CPU
		{68D127C2-85A1-4A30-8EA2-BC3C0184F948}.Release|Any CPU.ActiveCfg = Release|Any CPU
		{68D127C2-85A1-4A30-8EA2-BC3C0184F948}.Release|Any CPU.Build.0 = Release|Any CPU
		{68D127C2-85A1-4A30-8EA2-BC3C0184F948}.Release|x64.ActiveCfg = Release|Any CPU
		{68D127C2-85A1-4A30-8EA2-BC3C0184F948}.Release|x64.Build.0 = Release|Any CPU
		{CE34CD36-5367-4832-A1B3-C05CF63B7680}.Debug|Any CPU.ActiveCfg = Debug|Any CPU
		{CE34CD36-5367-4832-A1B3-C05CF63B7680}.Debug|Any CPU.Build.0 = Debug|Any CPU
		{CE34CD36-5367-4832-A1B3-C05CF63B7680}.Debug|x64.ActiveCfg = Debug|Any CPU
		{CE34CD36-5367-4832-A1B3-C05CF63B7680}.Debug|x64.Build.0 = Debug|Any CPU
		{CE34CD36-5367-4832-A1B3-C05CF63B7680}.Release|Any CPU.ActiveCfg = Release|Any CPU
		{CE34CD36-5367-4832-A1B3-C05CF63B7680}.Release|Any CPU.Build.0 = Release|Any CPU
		{CE34CD36-5367-4832-A1B3-C05CF63B7680}.Release|x64.ActiveCfg = Release|Any CPU
		{CE34CD36-5367-4832-A1B3-C05CF63B7680}.Release|x64.Build.0 = Release|Any CPU
		{80429F93-9F82-4923-9467-9373662D9853}.Debug|Any CPU.ActiveCfg = Debug|Any CPU
		{80429F93-9F82-4923-9467-9373662D9853}.Debug|Any CPU.Build.0 = Debug|Any CPU
		{80429F93-9F82-4923-9467-9373662D9853}.Debug|x64.ActiveCfg = Debug|Any CPU
		{80429F93-9F82-4923-9467-9373662D9853}.Debug|x64.Build.0 = Debug|Any CPU
		{80429F93-9F82-4923-9467-9373662D9853}.Release|Any CPU.ActiveCfg = Release|Any CPU
		{80429F93-9F82-4923-9467-9373662D9853}.Release|Any CPU.Build.0 = Release|Any CPU
		{80429F93-9F82-4923-9467-9373662D9853}.Release|x64.ActiveCfg = Release|Any CPU
		{80429F93-9F82-4923-9467-9373662D9853}.Release|x64.Build.0 = Release|Any CPU
	EndGlobalSection
	GlobalSection(SolutionProperties) = preSolution
		HideSolutionNode = FALSE
	EndGlobalSection
	GlobalSection(NestedProjects) = preSolution
		{1AF8930F-8F7E-46FD-92C0-F31451512492} = {934DEAC3-A638-4B5F-ADF6-A2D113385574}
		{14944B1C-9717-4CBB-B756-37502DDB5E0B} = {934DEAC3-A638-4B5F-ADF6-A2D113385574}
		{7D044D8C-64BE-48A0-A2F2-1284FC7395F5} = {934DEAC3-A638-4B5F-ADF6-A2D113385574}
		{6D9E7986-7D34-4433-81D2-7C905B621FFD} = {934DEAC3-A638-4B5F-ADF6-A2D113385574}
		{B8B8D031-851C-427B-9DEA-9F87A2F1B642} = {771C99F8-7036-4914-BE84-DE43B27B1DD7}
		{7C69290E-B03C-490B-9821-04E2B0B9CDF7} = {771C99F8-7036-4914-BE84-DE43B27B1DD7}
		{B3EDEACC-5F17-44AA-9B09-529CDC49B11C} = {771C99F8-7036-4914-BE84-DE43B27B1DD7}
		{FC137929-D3E2-41C2-9C9A-ADC8B32D009A} = {771C99F8-7036-4914-BE84-DE43B27B1DD7}
		{BBA05279-51DA-427B-8708-CA7AF3A228F5} = {771C99F8-7036-4914-BE84-DE43B27B1DD7}
		{DAB31798-17DD-4C50-9D0E-ADB431AB0CDD} = {771C99F8-7036-4914-BE84-DE43B27B1DD7}
		{76638927-C08F-450E-9BFD-3B19AA19BF3F} = {96BF454A-ACA6-45FC-B752-FBC51ABC5AD0}
		{2A30BC1F-122E-46BD-95A1-F2F98C3F8B1F} = {96BF454A-ACA6-45FC-B752-FBC51ABC5AD0}
		{2C486D66-E63E-4FDF-8047-279CE14F2A87} = {96BF454A-ACA6-45FC-B752-FBC51ABC5AD0}
		{D1476198-DC54-475F-B392-CEC5E138A9FF} = {96BF454A-ACA6-45FC-B752-FBC51ABC5AD0}
		{DC64FBC1-95F2-420D-AE91-7E439026C1FA} = {96BF454A-ACA6-45FC-B752-FBC51ABC5AD0}
		{4416732C-690E-4092-9E2A-EE96682CEF80} = {96BF454A-ACA6-45FC-B752-FBC51ABC5AD0}
		{4470C1A0-91D9-4411-9F30-51F69E39C11D} = {0B6D5548-A9A5-49B5-A44B-253469D8DBDB}
		{30B47144-2B10-418A-8DEA-8F99D83F0412} = {0B6D5548-A9A5-49B5-A44B-253469D8DBDB}
		{20E27C18-85B3-4936-AE10-F52B6C49840B} = {0B6D5548-A9A5-49B5-A44B-253469D8DBDB}
		{479E2521-1924-41DB-9CB7-CF8EA6DECD18} = {0B6D5548-A9A5-49B5-A44B-253469D8DBDB}
		{96BF454A-ACA6-45FC-B752-FBC51ABC5AD0} = {771C99F8-7036-4914-BE84-DE43B27B1DD7}
		{F32513D1-B309-49E8-BFB8-03A1EE05970C} = {FF090416-E144-4CE7-A995-021F1F18917A}
		{7B947EBD-BB53-41DB-81B5-C798CFABB45C} = {FF090416-E144-4CE7-A995-021F1F18917A}
		{3215BE00-4548-4D0F-A38E-77974B44E49E} = {FF090416-E144-4CE7-A995-021F1F18917A}
		{69A6495C-540F-4B31-A056-668A807502A5} = {FF090416-E144-4CE7-A995-021F1F18917A}
		{A85A6589-F43C-4DC4-828F-D0F4F4AD5D6D} = {FF090416-E144-4CE7-A995-021F1F18917A}
		{DF002585-C7A7-42A1-A0C9-4E2FBA823EE8} = {934DEAC3-A638-4B5F-ADF6-A2D113385574}
		{E0EDD60C-BE4F-4B75-AD47-BCD8C86312A5} = {E8EB7B37-2892-42F4-9422-72C46999020F}
		{CB2352D8-AB26-4E9C-9A90-E8292D434745} = {E8EB7B37-2892-42F4-9422-72C46999020F}
		{9E6F4466-3EB8-43F5-BE92-E6C1CD695754} = {E8EB7B37-2892-42F4-9422-72C46999020F}
		{0326CE37-598C-4E12-99E1-4FA894A99080} = {E8EB7B37-2892-42F4-9422-72C46999020F}
		{C03A5548-0F4D-4DF0-B350-91B3C0762AFA} = {E8EB7B37-2892-42F4-9422-72C46999020F}
		{317C92B8-3A70-4F69-9457-C8177506816E} = {0B6D5548-A9A5-49B5-A44B-253469D8DBDB}
		{68D127C2-85A1-4A30-8EA2-BC3C0184F948} = {7EF0E087-89C6-49D3-A557-AD3B40519113}
		{CE34CD36-5367-4832-A1B3-C05CF63B7680} = {7EF0E087-89C6-49D3-A557-AD3B40519113}
		{80429F93-9F82-4923-9467-9373662D9853} = {7EF0E087-89C6-49D3-A557-AD3B40519113}
	EndGlobalSection
	GlobalSection(ExtensibilityGlobals) = postSolution
		SolutionGuid = {8F325B57-5297-4CB2-8B35-5827E7E30C7E}
	EndGlobalSection
EndGlobal
