
Microsoft Visual Studio Solution File, Format Version 12.00
# Visual Studio 15
VisualStudioVersion = 15.0.27428.2043
MinimumVisualStudioVersion = 10.0.40219.1
Project("{A07B5EB6-E848-4116-A8D0-A826331D98C6}") = "ESFA.DC.ILR.FundingService", "ESFA.DC.ILR.FundingService\ESFA.DC.ILR.FundingService.sfproj", "{D2248984-0D7D-4D77-AFBF-5116C252615C}"
EndProject
Project("{FAE04EC0-301F-11D3-BF4B-00C04F79EFBC}") = "ESFA.DC.ILR.FundingService.Stateless", "ESFA.DC.ILR.FundingService.Stateless\ESFA.DC.ILR.FundingService.Stateless.csproj", "{1478B042-E0E2-459A-841A-D0014C51CFBD}"
EndProject
Project("{9A19103F-16F7-4668-BE54-9A1E7A4F7556}") = "ESFA.DC.ILR.FundingService.Stateless.Models", "ESFA.DC.ILR.FundingService.Stateless.Models\ESFA.DC.ILR.FundingService.Stateless.Models.csproj", "{0FAAAAB8-443B-47BF-9E96-C3069E8789F9}"
EndProject
Project("{9A19103F-16F7-4668-BE54-9A1E7A4F7556}") = "ESFA.DC.ILR.FundingService.Modules", "ESFA.DC.ILR.FundingService.Modules\ESFA.DC.ILR.FundingService.Modules.csproj", "{79748ECD-E5D4-4D1E-BE10-32588B2F625C}"
EndProject
Project("{9A19103F-16F7-4668-BE54-9A1E7A4F7556}") = "ESFA.DC.ILR.FundingService.Orchestrators", "ESFA.DC.ILR.FundingService.Orchestrators\ESFA.DC.ILR.FundingService.Orchestrators.csproj", "{C72DB578-ECFD-4281-936E-26C6F4D2B3DB}"
EndProject
Project("{FAE04EC0-301F-11D3-BF4B-00C04F79EFBC}") = "ESFA.DC.ILR.FundingService.ALBActor", "ESFA.DC.ILR.FundingService.ALBActor\ESFA.DC.ILR.FundingService.ALBActor.csproj", "{1AF8930F-8F7E-46FD-92C0-F31451512492}"
EndProject
Project("{FAE04EC0-301F-11D3-BF4B-00C04F79EFBC}") = "ESFA.DC.ILR.FundingService.ALBActor.Interfaces", "ESFA.DC.ILR.FundingService.ALBActor.Interfaces\ESFA.DC.ILR.FundingService.ALBActor.Interfaces.csproj", "{14944B1C-9717-4CBB-B756-37502DDB5E0B}"
EndProject
Project("{9A19103F-16F7-4668-BE54-9A1E7A4F7556}") = "ESFA.DC.ILR.FundingService.Providers", "ESFA.DC.ILR.FundingService.Providers\ESFA.DC.ILR.FundingService.Providers.csproj", "{E6CF1460-4EF0-4579-B022-DC2D3F383568}"
EndProject
Project("{2150E333-8FDC-42A3-9474-1A3956D46DE8}") = "ALB", "ALB", "{934DEAC3-A638-4B5F-ADF6-A2D113385574}"
EndProject
Project("{9A19103F-16F7-4668-BE54-9A1E7A4F7556}") = "ESFA.DC.ILR.FundingService.ALB.Stubs", "ALB\ESFA.DC.FundingService.ALB.Stubs\ESFA.DC.ILR.FundingService.ALB.Stubs.csproj", "{2F8AF278-F675-49C7-82BF-348571067DE5}"
EndProject
Project("{FAE04EC0-301F-11D3-BF4B-00C04F79EFBC}") = "ESFA.DC.ILR.FundingService.ALB.Console", "ALB\ESFA.DC.ILR.FundingService.ALB.Console\ESFA.DC.ILR.FundingService.ALB.Console.csproj", "{5FEF0743-003B-48A4-B131-0B596B6C608B}"
EndProject
Project("{9A19103F-16F7-4668-BE54-9A1E7A4F7556}") = "ESFA.DC.ILR.FundingService.ALB.Contexts", "ALB\ESFA.DC.ILR.FundingService.ALB.Contexts\ESFA.DC.ILR.FundingService.ALB.Contexts.csproj", "{64465B70-C183-4A19-AB54-1104FE16586F}"
EndProject
Project("{FAE04EC0-301F-11D3-BF4B-00C04F79EFBC}") = "ESFA.DC.ILR.FundingService.ALB.Contexts.Tests", "ALB\ESFA.DC.ILR.FundingService.ALB.Contexts.Tests\ESFA.DC.ILR.FundingService.ALB.Contexts.Tests.csproj", "{188F210E-8C99-4D9A-99DD-47BA87B7B054}"
EndProject
Project("{9A19103F-16F7-4668-BE54-9A1E7A4F7556}") = "ESFA.DC.ILR.FundingService.ALB.ExternalData", "ALB\ESFA.DC.ILR.FundingService.ALB.ExternalData\ESFA.DC.ILR.FundingService.ALB.ExternalData.csproj", "{E2669797-12F6-4942-84A4-58D4979D2237}"
EndProject
Project("{FAE04EC0-301F-11D3-BF4B-00C04F79EFBC}") = "ESFA.DC.ILR.FundingService.ALB.ExternalData.Tests", "ALB\ESFA.DC.ILR.FundingService.ALB.ExternalData.Tests\ESFA.DC.ILR.FundingService.ALB.ExternalData.Tests.csproj", "{C7F6629D-BE03-4866-A22F-479264714C5C}"
EndProject
Project("{9A19103F-16F7-4668-BE54-9A1E7A4F7556}") = "ESFA.DC.ILR.FundingService.ALB.FundingOutput.Model", "ALB\ESFA.DC.ILR.FundingService.ALB.FundingOutput.Model\ESFA.DC.ILR.FundingService.ALB.FundingOutput.Model.csproj", "{7D044D8C-64BE-48A0-A2F2-1284FC7395F5}"
EndProject
Project("{9A19103F-16F7-4668-BE54-9A1E7A4F7556}") = "ESFA.DC.ILR.FundingService.ALB.FundingOutput.Model.Interface", "ALB\ESFA.DC.ILR.FundingService.ALB.FundingOutput.Model.Interface\ESFA.DC.ILR.FundingService.ALB.FundingOutput.Model.Interface.csproj", "{2C2E187E-4770-4550-A90D-5B7730294A8C}"
EndProject
Project("{FAE04EC0-301F-11D3-BF4B-00C04F79EFBC}") = "ESFA.DC.ILR.FundingService.ALB.FundingOutput.Model.Tests", "ALB\ESFA.DC.ILR.FundingService.ALB.FundingOutput.Model.Tests\ESFA.DC.ILR.FundingService.ALB.FundingOutput.Model.Tests.csproj", "{8059253B-C5F4-4A68-A037-7F4E0B0F25D4}"
EndProject
Project("{9A19103F-16F7-4668-BE54-9A1E7A4F7556}") = "ESFA.DC.ILR.FundingService.ALB.FundingOutput.Service", "ALB\ESFA.DC.ILR.FundingService.ALB.FundingOutput.Service\ESFA.DC.ILR.FundingService.ALB.FundingOutput.Service.csproj", "{5C1A9834-5C72-47E5-9101-FEA37BA8AB79}"
EndProject
Project("{9A19103F-16F7-4668-BE54-9A1E7A4F7556}") = "ESFA.DC.ILR.FundingService.ALB.FundingOutput.Service.Interface", "ALB\ESFA.DC.ILR.FundingService.ALB.FundingOutput.Service.Interface\ESFA.DC.ILR.FundingService.ALB.FundingOutput.Service.Interface.csproj", "{F706064A-5C53-4DC7-977C-AC4448567F56}"
EndProject
Project("{FAE04EC0-301F-11D3-BF4B-00C04F79EFBC}") = "ESFA.DC.ILR.FundingService.ALB.FundingOutput.Service.Tests", "ALB\ESFA.DC.ILR.FundingService.ALB.FundingOutput.Service.Tests\ESFA.DC.ILR.FundingService.ALB.FundingOutput.Service.Tests.csproj", "{F0976C24-FA43-4F5E-8502-2E88D0DBFB1C}"
EndProject
Project("{9A19103F-16F7-4668-BE54-9A1E7A4F7556}") = "ESFA.DC.ILR.FundingService.ALB.InternalData", "ALB\ESFA.DC.ILR.FundingService.ALB.InternalData\ESFA.DC.ILR.FundingService.ALB.InternalData.csproj", "{E6E37FBE-159C-4DB0-97A9-A8209E7F1793}"
EndProject
Project("{9A19103F-16F7-4668-BE54-9A1E7A4F7556}") = "ESFA.DC.ILR.FundingService.ALB.InternalData.Interface", "ALB\ESFA.DC.ILR.FundingService.ALB.InternalData.Interface\ESFA.DC.ILR.FundingService.ALB.InternalData.Interface.csproj", "{4EBD95F9-0512-457D-A5C8-7B26DDC7948A}"
EndProject
Project("{FAE04EC0-301F-11D3-BF4B-00C04F79EFBC}") = "ESFA.DC.ILR.FundingService.ALB.InternalData.Tests", "ALB\ESFA.DC.ILR.FundingService.ALB.InternalData.Tests\ESFA.DC.ILR.FundingService.ALB.InternalData.Tests.csproj", "{4955781D-BA32-4344-836F-D818C51EFA77}"
EndProject
Project("{9A19103F-16F7-4668-BE54-9A1E7A4F7556}") = "ESFA.DC.ILR.FundingService.ALB.Modules", "ALB\ESFA.DC.ILR.FundingService.ALB.Modules\ESFA.DC.ILR.FundingService.ALB.Modules.csproj", "{BE335AA0-40B7-47D3-BFB3-AAF1565DF6A9}"
EndProject
Project("{9A19103F-16F7-4668-BE54-9A1E7A4F7556}") = "ESFA.DC.ILR.FundingService.ALB.OrchestrationService", "ALB\ESFA.DC.ILR.FundingService.ALB.OrchestrationService\ESFA.DC.ILR.FundingService.ALB.OrchestrationService.csproj", "{5C8BF47D-B10C-4500-AC32-AFE79FE0EB3D}"
EndProject
Project("{9A19103F-16F7-4668-BE54-9A1E7A4F7556}") = "ESFA.DC.ILR.FundingService.ALB.OrchestrationService.Interface", "ALB\ESFA.DC.ILR.FundingService.ALB.OrchestrationService.Interface\ESFA.DC.ILR.FundingService.ALB.OrchestrationService.Interface.csproj", "{E901AC20-3DDA-4B8B-89A5-1C9F05A9BF4F}"
EndProject
Project("{FAE04EC0-301F-11D3-BF4B-00C04F79EFBC}") = "ESFA.DC.ILR.FundingService.ALB.OrchestrationService.Tests", "ALB\ESFA.DC.ILR.FundingService.ALB.OrchestrationService.Tests\ESFA.DC.ILR.FundingService.ALB.OrchestrationService.Tests.csproj", "{07767876-18A0-4D1A-819E-AB54434F89B6}"
EndProject
Project("{9A19103F-16F7-4668-BE54-9A1E7A4F7556}") = "ESFA.DC.ILR.FundingService.ALB.Service", "ALB\ESFA.DC.ILR.FundingService.ALB.Service\ESFA.DC.ILR.FundingService.ALB.Service.csproj", "{6D9E7986-7D34-4433-81D2-7C905B621FFD}"
EndProject
Project("{9A19103F-16F7-4668-BE54-9A1E7A4F7556}") = "ESFA.DC.ILR.FundingService.ALB.Service.Interface", "ALB\ESFA.DC.ILR.FundingService.ALB.Service.Interface\ESFA.DC.ILR.FundingService.ALB.Service.Interface.csproj", "{9C29A89F-57A2-4A2B-A41A-B8F325AC9551}"
EndProject
Project("{FAE04EC0-301F-11D3-BF4B-00C04F79EFBC}") = "ESFA.DC.ILR.FundingService.ALB.Service.Tests", "ALB\ESFA.DC.ILR.FundingService.ALB.Service.Tests\ESFA.DC.ILR.FundingService.ALB.Service.Tests.csproj", "{EDD25BA6-AA8A-4932-97C5-DE9576516B6A}"
EndProject
Project("{9A19103F-16F7-4668-BE54-9A1E7A4F7556}") = "ESFA.DC.ILR.FundingService.ALB.TaskProvider", "ALB\ESFA.DC.ILR.FundingService.ALB.TaskProvider\ESFA.DC.ILR.FundingService.ALB.TaskProvider.csproj", "{90F049C6-22D1-46EA-9D21-318BF8E7B610}"
EndProject
Project("{FAE04EC0-301F-11D3-BF4B-00C04F79EFBC}") = "ESFA.DC.ILR.FundingService.ALB.TaskProvider.Tests", "ALB\ESFA.DC.ILR.FundingService.ALB.TaskProvider.Tests\ESFA.DC.ILR.FundingService.ALB.TaskProvider.Tests.csproj", "{4EB41BBD-2904-4EDB-9951-489FFA60FEF4}"
EndProject
Project("{9A19103F-16F7-4668-BE54-9A1E7A4F7556}") = "ESFA.DC.ILR.FundingService.Dto", "ESFA.DC.ILR.FundingService.Dto\ESFA.DC.ILR.FundingService.Dto.csproj", "{0021C0BF-4592-40C8-9272-82AC3A1339FA}"
EndProject
Project("{FAE04EC0-301F-11D3-BF4B-00C04F79EFBC}") = "ESFA.DC.ILR.FundingService.Tests.Common", "ESFA.DC.ILR.FundingService.Tests.Common\ESFA.DC.ILR.FundingService.Tests.Common.csproj", "{12B2CB23-3369-4720-8E41-C2DEDAA787CF}"
EndProject
Project("{2150E333-8FDC-42A3-9474-1A3956D46DE8}") = "OPA", "OPA", "{771C99F8-7036-4914-BE84-DE43B27B1DD7}"
EndProject
Project("{9A19103F-16F7-4668-BE54-9A1E7A4F7556}") = "ESFA.DC.OPA.Model", "OPA\ESFA.DC.OPA.Model\ESFA.DC.OPA.Model.csproj", "{B8B8D031-851C-427B-9DEA-9F87A2F1B642}"
EndProject
Project("{9A19103F-16F7-4668-BE54-9A1E7A4F7556}") = "ESFA.DC.OPA.Model.Interface", "OPA\ESFA.DC.OPA.Model.Interface\ESFA.DC.OPA.Model.Interface.csproj", "{7C69290E-B03C-490B-9821-04E2B0B9CDF7}"
EndProject
Project("{FAE04EC0-301F-11D3-BF4B-00C04F79EFBC}") = "ESFA.DC.OPA.Model.Tests", "OPA\ESFA.DC.OPA.Model.Tests\ESFA.DC.OPA.Model.Tests.csproj", "{B3EDEACC-5F17-44AA-9B09-529CDC49B11C}"
EndProject
Project("{9A19103F-16F7-4668-BE54-9A1E7A4F7556}") = "ESFA.DC.OPA.Service", "OPA\ESFA.DC.OPA.Service\ESFA.DC.OPA.Service.csproj", "{FC137929-D3E2-41C2-9C9A-ADC8B32D009A}"
EndProject
Project("{9A19103F-16F7-4668-BE54-9A1E7A4F7556}") = "ESFA.DC.OPA.Service.Interface", "OPA\ESFA.DC.OPA.Service.Interface\ESFA.DC.OPA.Service.Interface.csproj", "{BBA05279-51DA-427B-8708-CA7AF3A228F5}"
EndProject
Project("{FAE04EC0-301F-11D3-BF4B-00C04F79EFBC}") = "ESFA.DC.OPA.Service.Tests", "OPA\ESFA.DC.OPA.Service.Tests\ESFA.DC.OPA.Service.Tests.csproj", "{DAB31798-17DD-4C50-9D0E-ADB431AB0CDD}"
EndProject
Project("{9A19103F-16F7-4668-BE54-9A1E7A4F7556}") = "ESFA.DC.OPA.XSRC.Model", "OPA\ESFA.DC.OPA.XSRC.Model\ESFA.DC.OPA.XSRC.Model.csproj", "{76638927-C08F-450E-9BFD-3B19AA19BF3F}"
EndProject
Project("{9A19103F-16F7-4668-BE54-9A1E7A4F7556}") = "ESFA.DC.OPA.XSRC.Model.Interface", "OPA\ESFA.DC.OPA.XSRC.Model.Interface\ESFA.DC.OPA.XSRC.Model.Interface.csproj", "{2A30BC1F-122E-46BD-95A1-F2F98C3F8B1F}"
EndProject
Project("{FAE04EC0-301F-11D3-BF4B-00C04F79EFBC}") = "ESFA.DC.OPA.XSRC.Model.Tests", "OPA\ESFA.DC.OPA.XSRC.Model.Tests\ESFA.DC.OPA.XSRC.Model.Tests.csproj", "{2C486D66-E63E-4FDF-8047-279CE14F2A87}"
EndProject
Project("{9A19103F-16F7-4668-BE54-9A1E7A4F7556}") = "ESFA.DC.OPA.XSRC.Service", "OPA\ESFA.DC.OPA.XSRC.Service\ESFA.DC.OPA.XSRC.Service.csproj", "{D1476198-DC54-475F-B392-CEC5E138A9FF}"
EndProject
Project("{9A19103F-16F7-4668-BE54-9A1E7A4F7556}") = "ESFA.DC.OPA.XSRC.Service.Interface", "OPA\ESFA.DC.OPA.XSRC.Service.Interface\ESFA.DC.OPA.XSRC.Service.Interface.csproj", "{DC64FBC1-95F2-420D-AE91-7E439026C1FA}"
EndProject
Project("{FAE04EC0-301F-11D3-BF4B-00C04F79EFBC}") = "ESFA.DC.OPA.XSRC.Service.Tests", "OPA\ESFA.DC.OPA.XSRC.Service.Tests\ESFA.DC.OPA.XSRC.Service.Tests.csproj", "{4416732C-690E-4092-9E2A-EE96682CEF80}"
EndProject
Global
	GlobalSection(SolutionConfigurationPlatforms) = preSolution
		Debug|Any CPU = Debug|Any CPU
		Debug|x64 = Debug|x64
		Release|Any CPU = Release|Any CPU
		Release|x64 = Release|x64
	EndGlobalSection
	GlobalSection(ProjectConfigurationPlatforms) = postSolution
		{D2248984-0D7D-4D77-AFBF-5116C252615C}.Debug|Any CPU.ActiveCfg = Debug|x64
		{D2248984-0D7D-4D77-AFBF-5116C252615C}.Debug|x64.ActiveCfg = Debug|x64
		{D2248984-0D7D-4D77-AFBF-5116C252615C}.Debug|x64.Build.0 = Debug|x64
		{D2248984-0D7D-4D77-AFBF-5116C252615C}.Debug|x64.Deploy.0 = Debug|x64
		{D2248984-0D7D-4D77-AFBF-5116C252615C}.Release|Any CPU.ActiveCfg = Release|x64
		{D2248984-0D7D-4D77-AFBF-5116C252615C}.Release|x64.ActiveCfg = Release|x64
		{D2248984-0D7D-4D77-AFBF-5116C252615C}.Release|x64.Build.0 = Release|x64
		{D2248984-0D7D-4D77-AFBF-5116C252615C}.Release|x64.Deploy.0 = Release|x64
		{1478B042-E0E2-459A-841A-D0014C51CFBD}.Debug|Any CPU.ActiveCfg = Debug|x64
		{1478B042-E0E2-459A-841A-D0014C51CFBD}.Debug|x64.ActiveCfg = Debug|x64
		{1478B042-E0E2-459A-841A-D0014C51CFBD}.Debug|x64.Build.0 = Debug|x64
		{1478B042-E0E2-459A-841A-D0014C51CFBD}.Release|Any CPU.ActiveCfg = Release|x64
		{1478B042-E0E2-459A-841A-D0014C51CFBD}.Release|x64.ActiveCfg = Release|x64
		{1478B042-E0E2-459A-841A-D0014C51CFBD}.Release|x64.Build.0 = Release|x64
		{0FAAAAB8-443B-47BF-9E96-C3069E8789F9}.Debug|Any CPU.ActiveCfg = Debug|Any CPU
		{0FAAAAB8-443B-47BF-9E96-C3069E8789F9}.Debug|Any CPU.Build.0 = Debug|Any CPU
		{0FAAAAB8-443B-47BF-9E96-C3069E8789F9}.Debug|x64.ActiveCfg = Debug|x64
		{0FAAAAB8-443B-47BF-9E96-C3069E8789F9}.Debug|x64.Build.0 = Debug|x64
		{0FAAAAB8-443B-47BF-9E96-C3069E8789F9}.Release|Any CPU.ActiveCfg = Release|Any CPU
		{0FAAAAB8-443B-47BF-9E96-C3069E8789F9}.Release|Any CPU.Build.0 = Release|Any CPU
		{0FAAAAB8-443B-47BF-9E96-C3069E8789F9}.Release|x64.ActiveCfg = Release|Any CPU
		{0FAAAAB8-443B-47BF-9E96-C3069E8789F9}.Release|x64.Build.0 = Release|Any CPU
		{79748ECD-E5D4-4D1E-BE10-32588B2F625C}.Debug|Any CPU.ActiveCfg = Debug|Any CPU
		{79748ECD-E5D4-4D1E-BE10-32588B2F625C}.Debug|Any CPU.Build.0 = Debug|Any CPU
		{79748ECD-E5D4-4D1E-BE10-32588B2F625C}.Debug|x64.ActiveCfg = Debug|x64
		{79748ECD-E5D4-4D1E-BE10-32588B2F625C}.Debug|x64.Build.0 = Debug|x64
		{79748ECD-E5D4-4D1E-BE10-32588B2F625C}.Release|Any CPU.ActiveCfg = Release|Any CPU
		{79748ECD-E5D4-4D1E-BE10-32588B2F625C}.Release|Any CPU.Build.0 = Release|Any CPU
		{79748ECD-E5D4-4D1E-BE10-32588B2F625C}.Release|x64.ActiveCfg = Release|Any CPU
		{79748ECD-E5D4-4D1E-BE10-32588B2F625C}.Release|x64.Build.0 = Release|Any CPU
		{C72DB578-ECFD-4281-936E-26C6F4D2B3DB}.Debug|Any CPU.ActiveCfg = Debug|Any CPU
		{C72DB578-ECFD-4281-936E-26C6F4D2B3DB}.Debug|Any CPU.Build.0 = Debug|Any CPU
		{C72DB578-ECFD-4281-936E-26C6F4D2B3DB}.Debug|x64.ActiveCfg = Debug|x64
		{C72DB578-ECFD-4281-936E-26C6F4D2B3DB}.Debug|x64.Build.0 = Debug|x64
		{C72DB578-ECFD-4281-936E-26C6F4D2B3DB}.Release|Any CPU.ActiveCfg = Release|Any CPU
		{C72DB578-ECFD-4281-936E-26C6F4D2B3DB}.Release|Any CPU.Build.0 = Release|Any CPU
		{C72DB578-ECFD-4281-936E-26C6F4D2B3DB}.Release|x64.ActiveCfg = Release|Any CPU
		{C72DB578-ECFD-4281-936E-26C6F4D2B3DB}.Release|x64.Build.0 = Release|Any CPU
		{1AF8930F-8F7E-46FD-92C0-F31451512492}.Debug|Any CPU.ActiveCfg = Debug|x64
		{1AF8930F-8F7E-46FD-92C0-F31451512492}.Debug|x64.ActiveCfg = Debug|x64
		{1AF8930F-8F7E-46FD-92C0-F31451512492}.Debug|x64.Build.0 = Debug|x64
		{1AF8930F-8F7E-46FD-92C0-F31451512492}.Release|Any CPU.ActiveCfg = Release|x64
		{1AF8930F-8F7E-46FD-92C0-F31451512492}.Release|x64.ActiveCfg = Release|x64
		{1AF8930F-8F7E-46FD-92C0-F31451512492}.Release|x64.Build.0 = Release|x64
		{14944B1C-9717-4CBB-B756-37502DDB5E0B}.Debug|Any CPU.ActiveCfg = Debug|x64
		{14944B1C-9717-4CBB-B756-37502DDB5E0B}.Debug|x64.ActiveCfg = Debug|x64
		{14944B1C-9717-4CBB-B756-37502DDB5E0B}.Debug|x64.Build.0 = Debug|x64
		{14944B1C-9717-4CBB-B756-37502DDB5E0B}.Release|Any CPU.ActiveCfg = Release|x64
		{14944B1C-9717-4CBB-B756-37502DDB5E0B}.Release|x64.ActiveCfg = Release|x64
		{14944B1C-9717-4CBB-B756-37502DDB5E0B}.Release|x64.Build.0 = Release|x64
		{E6CF1460-4EF0-4579-B022-DC2D3F383568}.Debug|Any CPU.ActiveCfg = Debug|Any CPU
		{E6CF1460-4EF0-4579-B022-DC2D3F383568}.Debug|Any CPU.Build.0 = Debug|Any CPU
		{E6CF1460-4EF0-4579-B022-DC2D3F383568}.Debug|x64.ActiveCfg = Debug|x64
		{E6CF1460-4EF0-4579-B022-DC2D3F383568}.Debug|x64.Build.0 = Debug|x64
		{E6CF1460-4EF0-4579-B022-DC2D3F383568}.Release|Any CPU.ActiveCfg = Release|Any CPU
		{E6CF1460-4EF0-4579-B022-DC2D3F383568}.Release|Any CPU.Build.0 = Release|Any CPU
		{E6CF1460-4EF0-4579-B022-DC2D3F383568}.Release|x64.ActiveCfg = Release|Any CPU
		{E6CF1460-4EF0-4579-B022-DC2D3F383568}.Release|x64.Build.0 = Release|Any CPU
		{2F8AF278-F675-49C7-82BF-348571067DE5}.Debug|Any CPU.ActiveCfg = Debug|Any CPU
		{2F8AF278-F675-49C7-82BF-348571067DE5}.Debug|Any CPU.Build.0 = Debug|Any CPU
		{2F8AF278-F675-49C7-82BF-348571067DE5}.Debug|x64.ActiveCfg = Debug|Any CPU
		{2F8AF278-F675-49C7-82BF-348571067DE5}.Debug|x64.Build.0 = Debug|Any CPU
		{2F8AF278-F675-49C7-82BF-348571067DE5}.Release|Any CPU.ActiveCfg = Release|Any CPU
		{2F8AF278-F675-49C7-82BF-348571067DE5}.Release|Any CPU.Build.0 = Release|Any CPU
		{2F8AF278-F675-49C7-82BF-348571067DE5}.Release|x64.ActiveCfg = Release|Any CPU
		{2F8AF278-F675-49C7-82BF-348571067DE5}.Release|x64.Build.0 = Release|Any CPU
		{5FEF0743-003B-48A4-B131-0B596B6C608B}.Debug|Any CPU.ActiveCfg = Debug|Any CPU
		{5FEF0743-003B-48A4-B131-0B596B6C608B}.Debug|Any CPU.Build.0 = Debug|Any CPU
		{5FEF0743-003B-48A4-B131-0B596B6C608B}.Debug|x64.ActiveCfg = Debug|Any CPU
		{5FEF0743-003B-48A4-B131-0B596B6C608B}.Debug|x64.Build.0 = Debug|Any CPU
		{5FEF0743-003B-48A4-B131-0B596B6C608B}.Release|Any CPU.ActiveCfg = Release|Any CPU
		{5FEF0743-003B-48A4-B131-0B596B6C608B}.Release|Any CPU.Build.0 = Release|Any CPU
		{5FEF0743-003B-48A4-B131-0B596B6C608B}.Release|x64.ActiveCfg = Release|Any CPU
		{5FEF0743-003B-48A4-B131-0B596B6C608B}.Release|x64.Build.0 = Release|Any CPU
		{64465B70-C183-4A19-AB54-1104FE16586F}.Debug|Any CPU.ActiveCfg = Debug|Any CPU
		{64465B70-C183-4A19-AB54-1104FE16586F}.Debug|Any CPU.Build.0 = Debug|Any CPU
		{64465B70-C183-4A19-AB54-1104FE16586F}.Debug|x64.ActiveCfg = Debug|Any CPU
		{64465B70-C183-4A19-AB54-1104FE16586F}.Debug|x64.Build.0 = Debug|Any CPU
		{64465B70-C183-4A19-AB54-1104FE16586F}.Release|Any CPU.ActiveCfg = Release|Any CPU
		{64465B70-C183-4A19-AB54-1104FE16586F}.Release|Any CPU.Build.0 = Release|Any CPU
		{64465B70-C183-4A19-AB54-1104FE16586F}.Release|x64.ActiveCfg = Release|Any CPU
		{64465B70-C183-4A19-AB54-1104FE16586F}.Release|x64.Build.0 = Release|Any CPU
		{188F210E-8C99-4D9A-99DD-47BA87B7B054}.Debug|Any CPU.ActiveCfg = Debug|Any CPU
		{188F210E-8C99-4D9A-99DD-47BA87B7B054}.Debug|Any CPU.Build.0 = Debug|Any CPU
		{188F210E-8C99-4D9A-99DD-47BA87B7B054}.Debug|x64.ActiveCfg = Debug|Any CPU
		{188F210E-8C99-4D9A-99DD-47BA87B7B054}.Debug|x64.Build.0 = Debug|Any CPU
		{188F210E-8C99-4D9A-99DD-47BA87B7B054}.Release|Any CPU.ActiveCfg = Release|Any CPU
		{188F210E-8C99-4D9A-99DD-47BA87B7B054}.Release|Any CPU.Build.0 = Release|Any CPU
		{188F210E-8C99-4D9A-99DD-47BA87B7B054}.Release|x64.ActiveCfg = Release|Any CPU
		{188F210E-8C99-4D9A-99DD-47BA87B7B054}.Release|x64.Build.0 = Release|Any CPU
		{E2669797-12F6-4942-84A4-58D4979D2237}.Debug|Any CPU.ActiveCfg = Debug|Any CPU
		{E2669797-12F6-4942-84A4-58D4979D2237}.Debug|Any CPU.Build.0 = Debug|Any CPU
		{E2669797-12F6-4942-84A4-58D4979D2237}.Debug|x64.ActiveCfg = Debug|Any CPU
		{E2669797-12F6-4942-84A4-58D4979D2237}.Debug|x64.Build.0 = Debug|Any CPU
		{E2669797-12F6-4942-84A4-58D4979D2237}.Release|Any CPU.ActiveCfg = Release|Any CPU
		{E2669797-12F6-4942-84A4-58D4979D2237}.Release|Any CPU.Build.0 = Release|Any CPU
		{E2669797-12F6-4942-84A4-58D4979D2237}.Release|x64.ActiveCfg = Release|Any CPU
		{E2669797-12F6-4942-84A4-58D4979D2237}.Release|x64.Build.0 = Release|Any CPU
		{C7F6629D-BE03-4866-A22F-479264714C5C}.Debug|Any CPU.ActiveCfg = Debug|Any CPU
		{C7F6629D-BE03-4866-A22F-479264714C5C}.Debug|Any CPU.Build.0 = Debug|Any CPU
		{C7F6629D-BE03-4866-A22F-479264714C5C}.Debug|x64.ActiveCfg = Debug|Any CPU
		{C7F6629D-BE03-4866-A22F-479264714C5C}.Debug|x64.Build.0 = Debug|Any CPU
		{C7F6629D-BE03-4866-A22F-479264714C5C}.Release|Any CPU.ActiveCfg = Release|Any CPU
		{C7F6629D-BE03-4866-A22F-479264714C5C}.Release|Any CPU.Build.0 = Release|Any CPU
		{C7F6629D-BE03-4866-A22F-479264714C5C}.Release|x64.ActiveCfg = Release|Any CPU
		{C7F6629D-BE03-4866-A22F-479264714C5C}.Release|x64.Build.0 = Release|Any CPU
		{7D044D8C-64BE-48A0-A2F2-1284FC7395F5}.Debug|Any CPU.ActiveCfg = Debug|Any CPU
		{7D044D8C-64BE-48A0-A2F2-1284FC7395F5}.Debug|Any CPU.Build.0 = Debug|Any CPU
		{7D044D8C-64BE-48A0-A2F2-1284FC7395F5}.Debug|x64.ActiveCfg = Debug|Any CPU
		{7D044D8C-64BE-48A0-A2F2-1284FC7395F5}.Debug|x64.Build.0 = Debug|Any CPU
		{7D044D8C-64BE-48A0-A2F2-1284FC7395F5}.Release|Any CPU.ActiveCfg = Release|Any CPU
		{7D044D8C-64BE-48A0-A2F2-1284FC7395F5}.Release|Any CPU.Build.0 = Release|Any CPU
		{7D044D8C-64BE-48A0-A2F2-1284FC7395F5}.Release|x64.ActiveCfg = Release|Any CPU
		{7D044D8C-64BE-48A0-A2F2-1284FC7395F5}.Release|x64.Build.0 = Release|Any CPU
		{2C2E187E-4770-4550-A90D-5B7730294A8C}.Debug|Any CPU.ActiveCfg = Debug|Any CPU
		{2C2E187E-4770-4550-A90D-5B7730294A8C}.Debug|Any CPU.Build.0 = Debug|Any CPU
		{2C2E187E-4770-4550-A90D-5B7730294A8C}.Debug|x64.ActiveCfg = Debug|Any CPU
		{2C2E187E-4770-4550-A90D-5B7730294A8C}.Debug|x64.Build.0 = Debug|Any CPU
		{2C2E187E-4770-4550-A90D-5B7730294A8C}.Release|Any CPU.ActiveCfg = Release|Any CPU
		{2C2E187E-4770-4550-A90D-5B7730294A8C}.Release|Any CPU.Build.0 = Release|Any CPU
		{2C2E187E-4770-4550-A90D-5B7730294A8C}.Release|x64.ActiveCfg = Release|Any CPU
		{2C2E187E-4770-4550-A90D-5B7730294A8C}.Release|x64.Build.0 = Release|Any CPU
		{8059253B-C5F4-4A68-A037-7F4E0B0F25D4}.Debug|Any CPU.ActiveCfg = Debug|Any CPU
		{8059253B-C5F4-4A68-A037-7F4E0B0F25D4}.Debug|Any CPU.Build.0 = Debug|Any CPU
		{8059253B-C5F4-4A68-A037-7F4E0B0F25D4}.Debug|x64.ActiveCfg = Debug|Any CPU
		{8059253B-C5F4-4A68-A037-7F4E0B0F25D4}.Debug|x64.Build.0 = Debug|Any CPU
		{8059253B-C5F4-4A68-A037-7F4E0B0F25D4}.Release|Any CPU.ActiveCfg = Release|Any CPU
		{8059253B-C5F4-4A68-A037-7F4E0B0F25D4}.Release|Any CPU.Build.0 = Release|Any CPU
		{8059253B-C5F4-4A68-A037-7F4E0B0F25D4}.Release|x64.ActiveCfg = Release|Any CPU
		{8059253B-C5F4-4A68-A037-7F4E0B0F25D4}.Release|x64.Build.0 = Release|Any CPU
		{5C1A9834-5C72-47E5-9101-FEA37BA8AB79}.Debug|Any CPU.ActiveCfg = Debug|Any CPU
		{5C1A9834-5C72-47E5-9101-FEA37BA8AB79}.Debug|Any CPU.Build.0 = Debug|Any CPU
		{5C1A9834-5C72-47E5-9101-FEA37BA8AB79}.Debug|x64.ActiveCfg = Debug|Any CPU
		{5C1A9834-5C72-47E5-9101-FEA37BA8AB79}.Debug|x64.Build.0 = Debug|Any CPU
		{5C1A9834-5C72-47E5-9101-FEA37BA8AB79}.Release|Any CPU.ActiveCfg = Release|Any CPU
		{5C1A9834-5C72-47E5-9101-FEA37BA8AB79}.Release|Any CPU.Build.0 = Release|Any CPU
		{5C1A9834-5C72-47E5-9101-FEA37BA8AB79}.Release|x64.ActiveCfg = Release|Any CPU
		{5C1A9834-5C72-47E5-9101-FEA37BA8AB79}.Release|x64.Build.0 = Release|Any CPU
		{F706064A-5C53-4DC7-977C-AC4448567F56}.Debug|Any CPU.ActiveCfg = Debug|Any CPU
		{F706064A-5C53-4DC7-977C-AC4448567F56}.Debug|Any CPU.Build.0 = Debug|Any CPU
		{F706064A-5C53-4DC7-977C-AC4448567F56}.Debug|x64.ActiveCfg = Debug|Any CPU
		{F706064A-5C53-4DC7-977C-AC4448567F56}.Debug|x64.Build.0 = Debug|Any CPU
		{F706064A-5C53-4DC7-977C-AC4448567F56}.Release|Any CPU.ActiveCfg = Release|Any CPU
		{F706064A-5C53-4DC7-977C-AC4448567F56}.Release|Any CPU.Build.0 = Release|Any CPU
		{F706064A-5C53-4DC7-977C-AC4448567F56}.Release|x64.ActiveCfg = Release|Any CPU
		{F706064A-5C53-4DC7-977C-AC4448567F56}.Release|x64.Build.0 = Release|Any CPU
		{F0976C24-FA43-4F5E-8502-2E88D0DBFB1C}.Debug|Any CPU.ActiveCfg = Debug|Any CPU
		{F0976C24-FA43-4F5E-8502-2E88D0DBFB1C}.Debug|Any CPU.Build.0 = Debug|Any CPU
		{F0976C24-FA43-4F5E-8502-2E88D0DBFB1C}.Debug|x64.ActiveCfg = Debug|Any CPU
		{F0976C24-FA43-4F5E-8502-2E88D0DBFB1C}.Debug|x64.Build.0 = Debug|Any CPU
		{F0976C24-FA43-4F5E-8502-2E88D0DBFB1C}.Release|Any CPU.ActiveCfg = Release|Any CPU
		{F0976C24-FA43-4F5E-8502-2E88D0DBFB1C}.Release|Any CPU.Build.0 = Release|Any CPU
		{F0976C24-FA43-4F5E-8502-2E88D0DBFB1C}.Release|x64.ActiveCfg = Release|Any CPU
		{F0976C24-FA43-4F5E-8502-2E88D0DBFB1C}.Release|x64.Build.0 = Release|Any CPU
		{E6E37FBE-159C-4DB0-97A9-A8209E7F1793}.Debug|Any CPU.ActiveCfg = Debug|Any CPU
		{E6E37FBE-159C-4DB0-97A9-A8209E7F1793}.Debug|Any CPU.Build.0 = Debug|Any CPU
		{E6E37FBE-159C-4DB0-97A9-A8209E7F1793}.Debug|x64.ActiveCfg = Debug|Any CPU
		{E6E37FBE-159C-4DB0-97A9-A8209E7F1793}.Debug|x64.Build.0 = Debug|Any CPU
		{E6E37FBE-159C-4DB0-97A9-A8209E7F1793}.Release|Any CPU.ActiveCfg = Release|Any CPU
		{E6E37FBE-159C-4DB0-97A9-A8209E7F1793}.Release|Any CPU.Build.0 = Release|Any CPU
		{E6E37FBE-159C-4DB0-97A9-A8209E7F1793}.Release|x64.ActiveCfg = Release|Any CPU
		{E6E37FBE-159C-4DB0-97A9-A8209E7F1793}.Release|x64.Build.0 = Release|Any CPU
		{4EBD95F9-0512-457D-A5C8-7B26DDC7948A}.Debug|Any CPU.ActiveCfg = Debug|Any CPU
		{4EBD95F9-0512-457D-A5C8-7B26DDC7948A}.Debug|Any CPU.Build.0 = Debug|Any CPU
		{4EBD95F9-0512-457D-A5C8-7B26DDC7948A}.Debug|x64.ActiveCfg = Debug|Any CPU
		{4EBD95F9-0512-457D-A5C8-7B26DDC7948A}.Debug|x64.Build.0 = Debug|Any CPU
		{4EBD95F9-0512-457D-A5C8-7B26DDC7948A}.Release|Any CPU.ActiveCfg = Release|Any CPU
		{4EBD95F9-0512-457D-A5C8-7B26DDC7948A}.Release|Any CPU.Build.0 = Release|Any CPU
		{4EBD95F9-0512-457D-A5C8-7B26DDC7948A}.Release|x64.ActiveCfg = Release|Any CPU
		{4EBD95F9-0512-457D-A5C8-7B26DDC7948A}.Release|x64.Build.0 = Release|Any CPU
		{4955781D-BA32-4344-836F-D818C51EFA77}.Debug|Any CPU.ActiveCfg = Debug|Any CPU
		{4955781D-BA32-4344-836F-D818C51EFA77}.Debug|Any CPU.Build.0 = Debug|Any CPU
		{4955781D-BA32-4344-836F-D818C51EFA77}.Debug|x64.ActiveCfg = Debug|Any CPU
		{4955781D-BA32-4344-836F-D818C51EFA77}.Debug|x64.Build.0 = Debug|Any CPU
		{4955781D-BA32-4344-836F-D818C51EFA77}.Release|Any CPU.ActiveCfg = Release|Any CPU
		{4955781D-BA32-4344-836F-D818C51EFA77}.Release|Any CPU.Build.0 = Release|Any CPU
		{4955781D-BA32-4344-836F-D818C51EFA77}.Release|x64.ActiveCfg = Release|Any CPU
		{4955781D-BA32-4344-836F-D818C51EFA77}.Release|x64.Build.0 = Release|Any CPU
		{BE335AA0-40B7-47D3-BFB3-AAF1565DF6A9}.Debug|Any CPU.ActiveCfg = Debug|Any CPU
		{BE335AA0-40B7-47D3-BFB3-AAF1565DF6A9}.Debug|Any CPU.Build.0 = Debug|Any CPU
		{BE335AA0-40B7-47D3-BFB3-AAF1565DF6A9}.Debug|x64.ActiveCfg = Debug|x64
		{BE335AA0-40B7-47D3-BFB3-AAF1565DF6A9}.Debug|x64.Build.0 = Debug|x64
		{BE335AA0-40B7-47D3-BFB3-AAF1565DF6A9}.Release|Any CPU.ActiveCfg = Release|Any CPU
		{BE335AA0-40B7-47D3-BFB3-AAF1565DF6A9}.Release|Any CPU.Build.0 = Release|Any CPU
		{BE335AA0-40B7-47D3-BFB3-AAF1565DF6A9}.Release|x64.ActiveCfg = Release|x64
		{BE335AA0-40B7-47D3-BFB3-AAF1565DF6A9}.Release|x64.Build.0 = Release|x64
		{5C8BF47D-B10C-4500-AC32-AFE79FE0EB3D}.Debug|Any CPU.ActiveCfg = Debug|Any CPU
		{5C8BF47D-B10C-4500-AC32-AFE79FE0EB3D}.Debug|Any CPU.Build.0 = Debug|Any CPU
		{5C8BF47D-B10C-4500-AC32-AFE79FE0EB3D}.Debug|x64.ActiveCfg = Debug|Any CPU
		{5C8BF47D-B10C-4500-AC32-AFE79FE0EB3D}.Debug|x64.Build.0 = Debug|Any CPU
		{5C8BF47D-B10C-4500-AC32-AFE79FE0EB3D}.Release|Any CPU.ActiveCfg = Release|Any CPU
		{5C8BF47D-B10C-4500-AC32-AFE79FE0EB3D}.Release|Any CPU.Build.0 = Release|Any CPU
		{5C8BF47D-B10C-4500-AC32-AFE79FE0EB3D}.Release|x64.ActiveCfg = Release|Any CPU
		{5C8BF47D-B10C-4500-AC32-AFE79FE0EB3D}.Release|x64.Build.0 = Release|Any CPU
		{E901AC20-3DDA-4B8B-89A5-1C9F05A9BF4F}.Debug|Any CPU.ActiveCfg = Debug|Any CPU
		{E901AC20-3DDA-4B8B-89A5-1C9F05A9BF4F}.Debug|Any CPU.Build.0 = Debug|Any CPU
		{E901AC20-3DDA-4B8B-89A5-1C9F05A9BF4F}.Debug|x64.ActiveCfg = Debug|Any CPU
		{E901AC20-3DDA-4B8B-89A5-1C9F05A9BF4F}.Debug|x64.Build.0 = Debug|Any CPU
		{E901AC20-3DDA-4B8B-89A5-1C9F05A9BF4F}.Release|Any CPU.ActiveCfg = Release|Any CPU
		{E901AC20-3DDA-4B8B-89A5-1C9F05A9BF4F}.Release|Any CPU.Build.0 = Release|Any CPU
		{E901AC20-3DDA-4B8B-89A5-1C9F05A9BF4F}.Release|x64.ActiveCfg = Release|Any CPU
		{E901AC20-3DDA-4B8B-89A5-1C9F05A9BF4F}.Release|x64.Build.0 = Release|Any CPU
		{07767876-18A0-4D1A-819E-AB54434F89B6}.Debug|Any CPU.ActiveCfg = Debug|Any CPU
		{07767876-18A0-4D1A-819E-AB54434F89B6}.Debug|Any CPU.Build.0 = Debug|Any CPU
		{07767876-18A0-4D1A-819E-AB54434F89B6}.Debug|x64.ActiveCfg = Debug|Any CPU
		{07767876-18A0-4D1A-819E-AB54434F89B6}.Debug|x64.Build.0 = Debug|Any CPU
		{07767876-18A0-4D1A-819E-AB54434F89B6}.Release|Any CPU.ActiveCfg = Release|Any CPU
		{07767876-18A0-4D1A-819E-AB54434F89B6}.Release|Any CPU.Build.0 = Release|Any CPU
		{07767876-18A0-4D1A-819E-AB54434F89B6}.Release|x64.ActiveCfg = Release|Any CPU
		{07767876-18A0-4D1A-819E-AB54434F89B6}.Release|x64.Build.0 = Release|Any CPU
		{6D9E7986-7D34-4433-81D2-7C905B621FFD}.Debug|Any CPU.ActiveCfg = Debug|Any CPU
		{6D9E7986-7D34-4433-81D2-7C905B621FFD}.Debug|Any CPU.Build.0 = Debug|Any CPU
		{6D9E7986-7D34-4433-81D2-7C905B621FFD}.Debug|x64.ActiveCfg = Debug|Any CPU
		{6D9E7986-7D34-4433-81D2-7C905B621FFD}.Debug|x64.Build.0 = Debug|Any CPU
		{6D9E7986-7D34-4433-81D2-7C905B621FFD}.Release|Any CPU.ActiveCfg = Release|Any CPU
		{6D9E7986-7D34-4433-81D2-7C905B621FFD}.Release|Any CPU.Build.0 = Release|Any CPU
		{6D9E7986-7D34-4433-81D2-7C905B621FFD}.Release|x64.ActiveCfg = Release|Any CPU
		{6D9E7986-7D34-4433-81D2-7C905B621FFD}.Release|x64.Build.0 = Release|Any CPU
		{9C29A89F-57A2-4A2B-A41A-B8F325AC9551}.Debug|Any CPU.ActiveCfg = Debug|Any CPU
		{9C29A89F-57A2-4A2B-A41A-B8F325AC9551}.Debug|Any CPU.Build.0 = Debug|Any CPU
		{9C29A89F-57A2-4A2B-A41A-B8F325AC9551}.Debug|x64.ActiveCfg = Debug|Any CPU
		{9C29A89F-57A2-4A2B-A41A-B8F325AC9551}.Debug|x64.Build.0 = Debug|Any CPU
		{9C29A89F-57A2-4A2B-A41A-B8F325AC9551}.Release|Any CPU.ActiveCfg = Release|Any CPU
		{9C29A89F-57A2-4A2B-A41A-B8F325AC9551}.Release|Any CPU.Build.0 = Release|Any CPU
		{9C29A89F-57A2-4A2B-A41A-B8F325AC9551}.Release|x64.ActiveCfg = Release|Any CPU
		{9C29A89F-57A2-4A2B-A41A-B8F325AC9551}.Release|x64.Build.0 = Release|Any CPU
		{EDD25BA6-AA8A-4932-97C5-DE9576516B6A}.Debug|Any CPU.ActiveCfg = Debug|Any CPU
		{EDD25BA6-AA8A-4932-97C5-DE9576516B6A}.Debug|Any CPU.Build.0 = Debug|Any CPU
		{EDD25BA6-AA8A-4932-97C5-DE9576516B6A}.Debug|x64.ActiveCfg = Debug|Any CPU
		{EDD25BA6-AA8A-4932-97C5-DE9576516B6A}.Debug|x64.Build.0 = Debug|Any CPU
		{EDD25BA6-AA8A-4932-97C5-DE9576516B6A}.Release|Any CPU.ActiveCfg = Release|Any CPU
		{EDD25BA6-AA8A-4932-97C5-DE9576516B6A}.Release|Any CPU.Build.0 = Release|Any CPU
		{EDD25BA6-AA8A-4932-97C5-DE9576516B6A}.Release|x64.ActiveCfg = Release|Any CPU
		{EDD25BA6-AA8A-4932-97C5-DE9576516B6A}.Release|x64.Build.0 = Release|Any CPU
		{90F049C6-22D1-46EA-9D21-318BF8E7B610}.Debug|Any CPU.ActiveCfg = Debug|Any CPU
		{90F049C6-22D1-46EA-9D21-318BF8E7B610}.Debug|Any CPU.Build.0 = Debug|Any CPU
		{90F049C6-22D1-46EA-9D21-318BF8E7B610}.Debug|x64.ActiveCfg = Debug|Any CPU
		{90F049C6-22D1-46EA-9D21-318BF8E7B610}.Debug|x64.Build.0 = Debug|Any CPU
		{90F049C6-22D1-46EA-9D21-318BF8E7B610}.Release|Any CPU.ActiveCfg = Release|Any CPU
		{90F049C6-22D1-46EA-9D21-318BF8E7B610}.Release|Any CPU.Build.0 = Release|Any CPU
		{90F049C6-22D1-46EA-9D21-318BF8E7B610}.Release|x64.ActiveCfg = Release|Any CPU
		{90F049C6-22D1-46EA-9D21-318BF8E7B610}.Release|x64.Build.0 = Release|Any CPU
		{4EB41BBD-2904-4EDB-9951-489FFA60FEF4}.Debug|Any CPU.ActiveCfg = Debug|Any CPU
		{4EB41BBD-2904-4EDB-9951-489FFA60FEF4}.Debug|Any CPU.Build.0 = Debug|Any CPU
		{4EB41BBD-2904-4EDB-9951-489FFA60FEF4}.Debug|x64.ActiveCfg = Debug|Any CPU
		{4EB41BBD-2904-4EDB-9951-489FFA60FEF4}.Debug|x64.Build.0 = Debug|Any CPU
		{4EB41BBD-2904-4EDB-9951-489FFA60FEF4}.Release|Any CPU.ActiveCfg = Release|Any CPU
		{4EB41BBD-2904-4EDB-9951-489FFA60FEF4}.Release|Any CPU.Build.0 = Release|Any CPU
		{4EB41BBD-2904-4EDB-9951-489FFA60FEF4}.Release|x64.ActiveCfg = Release|Any CPU
		{4EB41BBD-2904-4EDB-9951-489FFA60FEF4}.Release|x64.Build.0 = Release|Any CPU
		{0021C0BF-4592-40C8-9272-82AC3A1339FA}.Debug|Any CPU.ActiveCfg = Debug|Any CPU
		{0021C0BF-4592-40C8-9272-82AC3A1339FA}.Debug|Any CPU.Build.0 = Debug|Any CPU
		{0021C0BF-4592-40C8-9272-82AC3A1339FA}.Debug|x64.ActiveCfg = Debug|Any CPU
		{0021C0BF-4592-40C8-9272-82AC3A1339FA}.Debug|x64.Build.0 = Debug|Any CPU
		{0021C0BF-4592-40C8-9272-82AC3A1339FA}.Release|Any CPU.ActiveCfg = Release|Any CPU
		{0021C0BF-4592-40C8-9272-82AC3A1339FA}.Release|Any CPU.Build.0 = Release|Any CPU
		{0021C0BF-4592-40C8-9272-82AC3A1339FA}.Release|x64.ActiveCfg = Release|Any CPU
		{0021C0BF-4592-40C8-9272-82AC3A1339FA}.Release|x64.Build.0 = Release|Any CPU
		{12B2CB23-3369-4720-8E41-C2DEDAA787CF}.Debug|Any CPU.ActiveCfg = Debug|Any CPU
		{12B2CB23-3369-4720-8E41-C2DEDAA787CF}.Debug|Any CPU.Build.0 = Debug|Any CPU
		{12B2CB23-3369-4720-8E41-C2DEDAA787CF}.Debug|x64.ActiveCfg = Debug|Any CPU
		{12B2CB23-3369-4720-8E41-C2DEDAA787CF}.Debug|x64.Build.0 = Debug|Any CPU
		{12B2CB23-3369-4720-8E41-C2DEDAA787CF}.Release|Any CPU.ActiveCfg = Release|Any CPU
		{12B2CB23-3369-4720-8E41-C2DEDAA787CF}.Release|Any CPU.Build.0 = Release|Any CPU
		{12B2CB23-3369-4720-8E41-C2DEDAA787CF}.Release|x64.ActiveCfg = Release|Any CPU
		{12B2CB23-3369-4720-8E41-C2DEDAA787CF}.Release|x64.Build.0 = Release|Any CPU
		{B8B8D031-851C-427B-9DEA-9F87A2F1B642}.Debug|Any CPU.ActiveCfg = Debug|Any CPU
		{B8B8D031-851C-427B-9DEA-9F87A2F1B642}.Debug|Any CPU.Build.0 = Debug|Any CPU
		{B8B8D031-851C-427B-9DEA-9F87A2F1B642}.Debug|x64.ActiveCfg = Debug|Any CPU
		{B8B8D031-851C-427B-9DEA-9F87A2F1B642}.Debug|x64.Build.0 = Debug|Any CPU
		{B8B8D031-851C-427B-9DEA-9F87A2F1B642}.Release|Any CPU.ActiveCfg = Release|Any CPU
		{B8B8D031-851C-427B-9DEA-9F87A2F1B642}.Release|Any CPU.Build.0 = Release|Any CPU
		{B8B8D031-851C-427B-9DEA-9F87A2F1B642}.Release|x64.ActiveCfg = Release|Any CPU
		{B8B8D031-851C-427B-9DEA-9F87A2F1B642}.Release|x64.Build.0 = Release|Any CPU
		{7C69290E-B03C-490B-9821-04E2B0B9CDF7}.Debug|Any CPU.ActiveCfg = Debug|Any CPU
		{7C69290E-B03C-490B-9821-04E2B0B9CDF7}.Debug|Any CPU.Build.0 = Debug|Any CPU
		{7C69290E-B03C-490B-9821-04E2B0B9CDF7}.Debug|x64.ActiveCfg = Debug|Any CPU
		{7C69290E-B03C-490B-9821-04E2B0B9CDF7}.Debug|x64.Build.0 = Debug|Any CPU
		{7C69290E-B03C-490B-9821-04E2B0B9CDF7}.Release|Any CPU.ActiveCfg = Release|Any CPU
		{7C69290E-B03C-490B-9821-04E2B0B9CDF7}.Release|Any CPU.Build.0 = Release|Any CPU
		{7C69290E-B03C-490B-9821-04E2B0B9CDF7}.Release|x64.ActiveCfg = Release|Any CPU
		{7C69290E-B03C-490B-9821-04E2B0B9CDF7}.Release|x64.Build.0 = Release|Any CPU
		{B3EDEACC-5F17-44AA-9B09-529CDC49B11C}.Debug|Any CPU.ActiveCfg = Debug|Any CPU
		{B3EDEACC-5F17-44AA-9B09-529CDC49B11C}.Debug|Any CPU.Build.0 = Debug|Any CPU
		{B3EDEACC-5F17-44AA-9B09-529CDC49B11C}.Debug|x64.ActiveCfg = Debug|Any CPU
		{B3EDEACC-5F17-44AA-9B09-529CDC49B11C}.Debug|x64.Build.0 = Debug|Any CPU
		{B3EDEACC-5F17-44AA-9B09-529CDC49B11C}.Release|Any CPU.ActiveCfg = Release|Any CPU
		{B3EDEACC-5F17-44AA-9B09-529CDC49B11C}.Release|Any CPU.Build.0 = Release|Any CPU
		{B3EDEACC-5F17-44AA-9B09-529CDC49B11C}.Release|x64.ActiveCfg = Release|Any CPU
		{B3EDEACC-5F17-44AA-9B09-529CDC49B11C}.Release|x64.Build.0 = Release|Any CPU
		{FC137929-D3E2-41C2-9C9A-ADC8B32D009A}.Debug|Any CPU.ActiveCfg = Debug|Any CPU
		{FC137929-D3E2-41C2-9C9A-ADC8B32D009A}.Debug|Any CPU.Build.0 = Debug|Any CPU
		{FC137929-D3E2-41C2-9C9A-ADC8B32D009A}.Debug|x64.ActiveCfg = Debug|Any CPU
		{FC137929-D3E2-41C2-9C9A-ADC8B32D009A}.Debug|x64.Build.0 = Debug|Any CPU
		{FC137929-D3E2-41C2-9C9A-ADC8B32D009A}.Release|Any CPU.ActiveCfg = Release|Any CPU
		{FC137929-D3E2-41C2-9C9A-ADC8B32D009A}.Release|Any CPU.Build.0 = Release|Any CPU
		{FC137929-D3E2-41C2-9C9A-ADC8B32D009A}.Release|x64.ActiveCfg = Release|Any CPU
		{FC137929-D3E2-41C2-9C9A-ADC8B32D009A}.Release|x64.Build.0 = Release|Any CPU
		{BBA05279-51DA-427B-8708-CA7AF3A228F5}.Debug|Any CPU.ActiveCfg = Debug|Any CPU
		{BBA05279-51DA-427B-8708-CA7AF3A228F5}.Debug|Any CPU.Build.0 = Debug|Any CPU
		{BBA05279-51DA-427B-8708-CA7AF3A228F5}.Debug|x64.ActiveCfg = Debug|Any CPU
		{BBA05279-51DA-427B-8708-CA7AF3A228F5}.Debug|x64.Build.0 = Debug|Any CPU
		{BBA05279-51DA-427B-8708-CA7AF3A228F5}.Release|Any CPU.ActiveCfg = Release|Any CPU
		{BBA05279-51DA-427B-8708-CA7AF3A228F5}.Release|Any CPU.Build.0 = Release|Any CPU
		{BBA05279-51DA-427B-8708-CA7AF3A228F5}.Release|x64.ActiveCfg = Release|Any CPU
		{BBA05279-51DA-427B-8708-CA7AF3A228F5}.Release|x64.Build.0 = Release|Any CPU
		{DAB31798-17DD-4C50-9D0E-ADB431AB0CDD}.Debug|Any CPU.ActiveCfg = Debug|Any CPU
		{DAB31798-17DD-4C50-9D0E-ADB431AB0CDD}.Debug|Any CPU.Build.0 = Debug|Any CPU
		{DAB31798-17DD-4C50-9D0E-ADB431AB0CDD}.Debug|x64.ActiveCfg = Debug|Any CPU
		{DAB31798-17DD-4C50-9D0E-ADB431AB0CDD}.Debug|x64.Build.0 = Debug|Any CPU
		{DAB31798-17DD-4C50-9D0E-ADB431AB0CDD}.Release|Any CPU.ActiveCfg = Release|Any CPU
		{DAB31798-17DD-4C50-9D0E-ADB431AB0CDD}.Release|Any CPU.Build.0 = Release|Any CPU
		{DAB31798-17DD-4C50-9D0E-ADB431AB0CDD}.Release|x64.ActiveCfg = Release|Any CPU
		{DAB31798-17DD-4C50-9D0E-ADB431AB0CDD}.Release|x64.Build.0 = Release|Any CPU
		{76638927-C08F-450E-9BFD-3B19AA19BF3F}.Debug|Any CPU.ActiveCfg = Debug|Any CPU
		{76638927-C08F-450E-9BFD-3B19AA19BF3F}.Debug|Any CPU.Build.0 = Debug|Any CPU
		{76638927-C08F-450E-9BFD-3B19AA19BF3F}.Debug|x64.ActiveCfg = Debug|Any CPU
		{76638927-C08F-450E-9BFD-3B19AA19BF3F}.Debug|x64.Build.0 = Debug|Any CPU
		{76638927-C08F-450E-9BFD-3B19AA19BF3F}.Release|Any CPU.ActiveCfg = Release|Any CPU
		{76638927-C08F-450E-9BFD-3B19AA19BF3F}.Release|Any CPU.Build.0 = Release|Any CPU
		{76638927-C08F-450E-9BFD-3B19AA19BF3F}.Release|x64.ActiveCfg = Release|Any CPU
		{76638927-C08F-450E-9BFD-3B19AA19BF3F}.Release|x64.Build.0 = Release|Any CPU
		{2A30BC1F-122E-46BD-95A1-F2F98C3F8B1F}.Debug|Any CPU.ActiveCfg = Debug|Any CPU
		{2A30BC1F-122E-46BD-95A1-F2F98C3F8B1F}.Debug|Any CPU.Build.0 = Debug|Any CPU
		{2A30BC1F-122E-46BD-95A1-F2F98C3F8B1F}.Debug|x64.ActiveCfg = Debug|Any CPU
		{2A30BC1F-122E-46BD-95A1-F2F98C3F8B1F}.Debug|x64.Build.0 = Debug|Any CPU
		{2A30BC1F-122E-46BD-95A1-F2F98C3F8B1F}.Release|Any CPU.ActiveCfg = Release|Any CPU
		{2A30BC1F-122E-46BD-95A1-F2F98C3F8B1F}.Release|Any CPU.Build.0 = Release|Any CPU
		{2A30BC1F-122E-46BD-95A1-F2F98C3F8B1F}.Release|x64.ActiveCfg = Release|Any CPU
		{2A30BC1F-122E-46BD-95A1-F2F98C3F8B1F}.Release|x64.Build.0 = Release|Any CPU
		{2C486D66-E63E-4FDF-8047-279CE14F2A87}.Debug|Any CPU.ActiveCfg = Debug|Any CPU
		{2C486D66-E63E-4FDF-8047-279CE14F2A87}.Debug|Any CPU.Build.0 = Debug|Any CPU
		{2C486D66-E63E-4FDF-8047-279CE14F2A87}.Debug|x64.ActiveCfg = Debug|Any CPU
		{2C486D66-E63E-4FDF-8047-279CE14F2A87}.Debug|x64.Build.0 = Debug|Any CPU
		{2C486D66-E63E-4FDF-8047-279CE14F2A87}.Release|Any CPU.ActiveCfg = Release|Any CPU
		{2C486D66-E63E-4FDF-8047-279CE14F2A87}.Release|Any CPU.Build.0 = Release|Any CPU
		{2C486D66-E63E-4FDF-8047-279CE14F2A87}.Release|x64.ActiveCfg = Release|Any CPU
		{2C486D66-E63E-4FDF-8047-279CE14F2A87}.Release|x64.Build.0 = Release|Any CPU
		{D1476198-DC54-475F-B392-CEC5E138A9FF}.Debug|Any CPU.ActiveCfg = Debug|Any CPU
		{D1476198-DC54-475F-B392-CEC5E138A9FF}.Debug|Any CPU.Build.0 = Debug|Any CPU
		{D1476198-DC54-475F-B392-CEC5E138A9FF}.Debug|x64.ActiveCfg = Debug|Any CPU
		{D1476198-DC54-475F-B392-CEC5E138A9FF}.Debug|x64.Build.0 = Debug|Any CPU
		{D1476198-DC54-475F-B392-CEC5E138A9FF}.Release|Any CPU.ActiveCfg = Release|Any CPU
		{D1476198-DC54-475F-B392-CEC5E138A9FF}.Release|Any CPU.Build.0 = Release|Any CPU
		{D1476198-DC54-475F-B392-CEC5E138A9FF}.Release|x64.ActiveCfg = Release|Any CPU
		{D1476198-DC54-475F-B392-CEC5E138A9FF}.Release|x64.Build.0 = Release|Any CPU
		{DC64FBC1-95F2-420D-AE91-7E439026C1FA}.Debug|Any CPU.ActiveCfg = Debug|Any CPU
		{DC64FBC1-95F2-420D-AE91-7E439026C1FA}.Debug|Any CPU.Build.0 = Debug|Any CPU
		{DC64FBC1-95F2-420D-AE91-7E439026C1FA}.Debug|x64.ActiveCfg = Debug|Any CPU
		{DC64FBC1-95F2-420D-AE91-7E439026C1FA}.Debug|x64.Build.0 = Debug|Any CPU
		{DC64FBC1-95F2-420D-AE91-7E439026C1FA}.Release|Any CPU.ActiveCfg = Release|Any CPU
		{DC64FBC1-95F2-420D-AE91-7E439026C1FA}.Release|Any CPU.Build.0 = Release|Any CPU
		{DC64FBC1-95F2-420D-AE91-7E439026C1FA}.Release|x64.ActiveCfg = Release|Any CPU
		{DC64FBC1-95F2-420D-AE91-7E439026C1FA}.Release|x64.Build.0 = Release|Any CPU
		{4416732C-690E-4092-9E2A-EE96682CEF80}.Debug|Any CPU.ActiveCfg = Debug|Any CPU
		{4416732C-690E-4092-9E2A-EE96682CEF80}.Debug|Any CPU.Build.0 = Debug|Any CPU
		{4416732C-690E-4092-9E2A-EE96682CEF80}.Debug|x64.ActiveCfg = Debug|Any CPU
		{4416732C-690E-4092-9E2A-EE96682CEF80}.Debug|x64.Build.0 = Debug|Any CPU
		{4416732C-690E-4092-9E2A-EE96682CEF80}.Release|Any CPU.ActiveCfg = Release|Any CPU
		{4416732C-690E-4092-9E2A-EE96682CEF80}.Release|Any CPU.Build.0 = Release|Any CPU
		{4416732C-690E-4092-9E2A-EE96682CEF80}.Release|x64.ActiveCfg = Release|Any CPU
		{4416732C-690E-4092-9E2A-EE96682CEF80}.Release|x64.Build.0 = Release|Any CPU
	EndGlobalSection
	GlobalSection(SolutionProperties) = preSolution
		HideSolutionNode = FALSE
	EndGlobalSection
	GlobalSection(NestedProjects) = preSolution
		{2F8AF278-F675-49C7-82BF-348571067DE5} = {934DEAC3-A638-4B5F-ADF6-A2D113385574}
		{5FEF0743-003B-48A4-B131-0B596B6C608B} = {934DEAC3-A638-4B5F-ADF6-A2D113385574}
		{64465B70-C183-4A19-AB54-1104FE16586F} = {934DEAC3-A638-4B5F-ADF6-A2D113385574}
		{188F210E-8C99-4D9A-99DD-47BA87B7B054} = {934DEAC3-A638-4B5F-ADF6-A2D113385574}
		{E2669797-12F6-4942-84A4-58D4979D2237} = {934DEAC3-A638-4B5F-ADF6-A2D113385574}
		{C7F6629D-BE03-4866-A22F-479264714C5C} = {934DEAC3-A638-4B5F-ADF6-A2D113385574}
		{7D044D8C-64BE-48A0-A2F2-1284FC7395F5} = {934DEAC3-A638-4B5F-ADF6-A2D113385574}
		{2C2E187E-4770-4550-A90D-5B7730294A8C} = {934DEAC3-A638-4B5F-ADF6-A2D113385574}
		{8059253B-C5F4-4A68-A037-7F4E0B0F25D4} = {934DEAC3-A638-4B5F-ADF6-A2D113385574}
		{5C1A9834-5C72-47E5-9101-FEA37BA8AB79} = {934DEAC3-A638-4B5F-ADF6-A2D113385574}
		{F706064A-5C53-4DC7-977C-AC4448567F56} = {934DEAC3-A638-4B5F-ADF6-A2D113385574}
		{F0976C24-FA43-4F5E-8502-2E88D0DBFB1C} = {934DEAC3-A638-4B5F-ADF6-A2D113385574}
		{E6E37FBE-159C-4DB0-97A9-A8209E7F1793} = {934DEAC3-A638-4B5F-ADF6-A2D113385574}
		{4EBD95F9-0512-457D-A5C8-7B26DDC7948A} = {934DEAC3-A638-4B5F-ADF6-A2D113385574}
		{4955781D-BA32-4344-836F-D818C51EFA77} = {934DEAC3-A638-4B5F-ADF6-A2D113385574}
		{BE335AA0-40B7-47D3-BFB3-AAF1565DF6A9} = {934DEAC3-A638-4B5F-ADF6-A2D113385574}
		{5C8BF47D-B10C-4500-AC32-AFE79FE0EB3D} = {934DEAC3-A638-4B5F-ADF6-A2D113385574}
		{E901AC20-3DDA-4B8B-89A5-1C9F05A9BF4F} = {934DEAC3-A638-4B5F-ADF6-A2D113385574}
		{07767876-18A0-4D1A-819E-AB54434F89B6} = {934DEAC3-A638-4B5F-ADF6-A2D113385574}
		{6D9E7986-7D34-4433-81D2-7C905B621FFD} = {934DEAC3-A638-4B5F-ADF6-A2D113385574}
		{9C29A89F-57A2-4A2B-A41A-B8F325AC9551} = {934DEAC3-A638-4B5F-ADF6-A2D113385574}
		{EDD25BA6-AA8A-4932-97C5-DE9576516B6A} = {934DEAC3-A638-4B5F-ADF6-A2D113385574}
		{90F049C6-22D1-46EA-9D21-318BF8E7B610} = {934DEAC3-A638-4B5F-ADF6-A2D113385574}
		{4EB41BBD-2904-4EDB-9951-489FFA60FEF4} = {934DEAC3-A638-4B5F-ADF6-A2D113385574}
		{B8B8D031-851C-427B-9DEA-9F87A2F1B642} = {771C99F8-7036-4914-BE84-DE43B27B1DD7}
		{7C69290E-B03C-490B-9821-04E2B0B9CDF7} = {771C99F8-7036-4914-BE84-DE43B27B1DD7}
		{B3EDEACC-5F17-44AA-9B09-529CDC49B11C} = {771C99F8-7036-4914-BE84-DE43B27B1DD7}
		{FC137929-D3E2-41C2-9C9A-ADC8B32D009A} = {771C99F8-7036-4914-BE84-DE43B27B1DD7}
		{BBA05279-51DA-427B-8708-CA7AF3A228F5} = {771C99F8-7036-4914-BE84-DE43B27B1DD7}
		{DAB31798-17DD-4C50-9D0E-ADB431AB0CDD} = {771C99F8-7036-4914-BE84-DE43B27B1DD7}
		{76638927-C08F-450E-9BFD-3B19AA19BF3F} = {771C99F8-7036-4914-BE84-DE43B27B1DD7}
		{2A30BC1F-122E-46BD-95A1-F2F98C3F8B1F} = {771C99F8-7036-4914-BE84-DE43B27B1DD7}
		{2C486D66-E63E-4FDF-8047-279CE14F2A87} = {771C99F8-7036-4914-BE84-DE43B27B1DD7}
		{D1476198-DC54-475F-B392-CEC5E138A9FF} = {771C99F8-7036-4914-BE84-DE43B27B1DD7}
		{DC64FBC1-95F2-420D-AE91-7E439026C1FA} = {771C99F8-7036-4914-BE84-DE43B27B1DD7}
		{4416732C-690E-4092-9E2A-EE96682CEF80} = {771C99F8-7036-4914-BE84-DE43B27B1DD7}
	EndGlobalSection
	GlobalSection(ExtensibilityGlobals) = postSolution
		SolutionGuid = {8F325B57-5297-4CB2-8B35-5827E7E30C7E}
	EndGlobalSection
EndGlobal
